<?xml version="1.0" encoding="UTF-8"?>
<Scheme
   LastUpgradeVersion = "1310"
   version = "1.3">
   <BuildAction
      parallelizeBuildables = "YES"
      buildImplicitDependencies = "YES">
      <BuildActionEntries>
         <BuildActionEntry
            buildForTesting = "YES"
            buildForRunning = "YES"
            buildForProfiling = "YES"
            buildForArchiving = "YES"
            buildForAnalyzing = "YES">
            <BuildableReference
               BuildableIdentifier = "primary"
               BlueprintIdentifier = "4154C2D925F76BDB00A3D373"
               BuildableName = "Dialog.app"
               BlueprintName = "Dialog"
               ReferencedContainer = "container:dialog.xcodeproj">
            </BuildableReference>
         </BuildActionEntry>
      </BuildActionEntries>
   </BuildAction>
   <TestAction
      buildConfiguration = "Debug"
      selectedDebuggerIdentifier = "Xcode.DebuggerFoundation.Debugger.LLDB"
      selectedLauncherIdentifier = "Xcode.DebuggerFoundation.Launcher.LLDB"
      shouldUseLaunchSchemeArgsEnv = "YES">
      <Testables>
      </Testables>
   </TestAction>
   <LaunchAction
      buildConfiguration = "Debug"
      selectedDebuggerIdentifier = "Xcode.DebuggerFoundation.Debugger.LLDB"
      selectedLauncherIdentifier = "Xcode.DebuggerFoundation.Launcher.LLDB"
      launchStyle = "0"
      useCustomWorkingDirectory = "NO"
      ignoresPersistentStateOnLaunch = "NO"
      debugDocumentVersioning = "YES"
      debugServiceExtension = "internal"
      allowLocationSimulation = "YES">
      <BuildableProductRunnable
         runnableDebuggingMode = "0">
         <BuildableReference
            BuildableIdentifier = "primary"
            BlueprintIdentifier = "4154C2D925F76BDB00A3D373"
            BuildableName = "Dialog.app"
            BlueprintName = "Dialog"
            ReferencedContainer = "container:dialog.xcodeproj">
         </BuildableReference>
      </BuildableProductRunnable>
      <CommandLineArguments>
         <CommandLineArgument
            argument = "--title &quot;Base64 test&quot; --icon base64=iVBORw0KGgoAAAANSUhEUgAAABAAAAAQCAYAAAAf8/9hAAAAAXNSR0IArs4c6QAAAMZlWElmTU0AKgAAAAgABgESAAMAAAABAAEAAAEaAAUAAAABAAAAVgEbAAUAAAABAAAAXgEoAAMAAAABAAIAAAExAAIAAAAVAAAAZodpAAQAAAABAAAAfAAAAAAAAABIAAAAAQAAAEgAAAABUGl4ZWxtYXRvciBQcm8gMi40LjIAAAAEkAQAAgAAABQAAACyoAEAAwAAAAEAAQAAoAIABAAAAAEAAAAQoAMABAAAAAEAAAAQAAAAADIwMjI6MDk6MTUgMTQ6MTE6MDcABmWW8wAAAAlwSFlzAAALEwAACxMBAJqcGAAAA7BpVFh0WE1MOmNvbS5hZG9iZS54bXAAAAAAADx4OnhtcG1ldGEgeG1sbnM6eD0iYWRvYmU6bnM6bWV0YS8iIHg6eG1wdGs9IlhNUCBDb3JlIDYuMC4wIj4KICAgPHJkZjpSREYgeG1sbnM6cmRmPSJodHRwOi8vd3d3LnczLm9yZy8xOTk5LzAyLzIyLXJkZi1zeW50YXgtbnMjIj4KICAgICAgPHJkZjpEZXNjcmlwdGlvbiByZGY6YWJvdXQ9IiIKICAgICAgICAgICAgeG1sbnM6dGlmZj0iaHR0cDovL25zLmFkb2JlLmNvbS90aWZmLzEuMC8iCiAgICAgICAgICAgIHhtbG5zOmV4aWY9Imh0dHA6Ly9ucy5hZG9iZS5jb20vZXhpZi8xLjAvIgogICAgICAgICAgICB4bWxuczp4bXA9Imh0dHA6Ly9ucy5hZG9iZS5jb20veGFwLzEuMC8iPgogICAgICAgICA8dGlmZjpZUmVzb2x1dGlvbj43MjAwMDAvMTAwMDA8L3RpZmY6WVJlc29sdXRpb24+CiAgICAgICAgIDx0aWZmOlhSZXNvbHV0aW9uPjcyMDAwMC8xMDAwMDwvdGlmZjpYUmVzb2x1dGlvbj4KICAgICAgICAgPHRpZmY6UmVzb2x1dGlvblVuaXQ+MjwvdGlmZjpSZXNvbHV0aW9uVW5pdD4KICAgICAgICAgPHRpZmY6T3JpZW50YXRpb24+MTwvdGlmZjpPcmllbnRhdGlvbj4KICAgICAgICAgPGV4aWY6UGl4ZWxZRGltZW5zaW9uPjE2PC9leGlmOlBpeGVsWURpbWVuc2lvbj4KICAgICAgICAgPGV4aWY6UGl4ZWxYRGltZW5zaW9uPjE2PC9leGlmOlBpeGVsWERpbWVuc2lvbj4KICAgICAgICAgPHhtcDpNZXRhZGF0YURhdGU+MjAyMi0wOS0xNVQxNDoxNDo0NysxMDowMDwveG1wOk1ldGFkYXRhRGF0ZT4KICAgICAgICAgPHhtcDpDcmVhdGVEYXRlPjIwMjItMDktMTVUMTQ6MTE6MDcrMTA6MDA8L3htcDpDcmVhdGVEYXRlPgogICAgICAgICA8eG1wOkNyZWF0b3JUb29sPlBpeGVsbWF0b3IgUHJvIDIuNC4yPC94bXA6Q3JlYXRvclRvb2w+CiAgICAgIDwvcmRmOkRlc2NyaXB0aW9uPgogICA8L3JkZjpSREY+CjwveDp4bXBtZXRhPgqeFq1QAAACd0lEQVQ4EY2Sz08TQRTH38xut90WgRYptbQYKP5ITI0Bo6SGeFH0ghzEQ2NM9KDxZuLRgx4Mf4KKMXKSGKOgiTGRiAmaaIK/ysFURVGxFooo0pZd2J3dGV9rmhDTGmbzMr/e5zvfNzsA/2/NuD2wubUu2XUg8inS4n2L836McAkjpUGZft+eWPhq/EqbfzHCqwgVAJyANyllr50an0tMzJ5E5mklgaZd7cEnPfd2bFzxCEJBgEBYGTKmcxnD9h/xhgYOj39Lvptvl8qcXFg6f+ZmLLZQb7ssxoFZHGrfw+K53tEHz8ZS/R1bA3t3x8Pqo8EpVS4n4F+vdqcal2uERoAUTscvq8qemnXOzmze2CCHZFe62fA5nVKsnIDc0OBx68smgECU/K1SV03HsZG2VsWUWr76dBkMAd5qV6CcgPX5S/Z3dJE12jIHggKcA1C0qlO8SoVTyAO4DCLmfmrT5QTchmkZUoaxbC13UCKACwIUjXAshRaKEhz8CSWFBh/+K+CWJHL7eN+WpimH7gC8g0L9xZtAAYJOsC4I/JJXbvQlNZxcWi1QhI+ebdluzJjWUtAuJke+O3LzPqsq57GpV6M8OCmlhvqncnmNdWOCVXoHRbj3dCg6k9CYs0cNZaptZdMYnbx7a+YFJtajM59ti3kc38e4jsEw0B2AKklw59CJQDQzscyg2xnyf4T04+EFbUm3hnH/QiGxUpMphcsH43Xb0m80ZnfJIVfOYi9HNDfCHQj9qASW1mW3QnfOTuiWsV8K1z+30q9faVpe5xfXAhdEZGYLonXy8LRkKhb+VYSjJfW19DKzhOkYhXQQX8mHtDG4Fmh1zh+2AwWG8nTidQAAAABJRU5ErkJggg== "
            isEnabled = "YES">
         </CommandLineArgument>
      </CommandLineArguments>
   </LaunchAction>
   <ProfileAction
      buildConfiguration = "Release"
      shouldUseLaunchSchemeArgsEnv = "YES"
      savedToolIdentifier = ""
      useCustomWorkingDirectory = "NO"
      debugDocumentVersioning = "YES">
      <BuildableProductRunnable
         runnableDebuggingMode = "0">
         <BuildableReference
            BuildableIdentifier = "primary"
            BlueprintIdentifier = "4154C2D925F76BDB00A3D373"
            BuildableName = "Dialog.app"
            BlueprintName = "Dialog"
            ReferencedContainer = "container:dialog.xcodeproj">
         </BuildableReference>
      </BuildableProductRunnable>
   </ProfileAction>
   <AnalyzeAction
      buildConfiguration = "Debug">
   </AnalyzeAction>
   <ArchiveAction
      buildConfiguration = "Release"
      revealArchiveInOrganizer = "YES">
   </ArchiveAction>
</Scheme>
