// !$*UTF8*$!
{
	archiveVersion = 1;
	classes = {
	};
	objectVersion = 52;
	objects = {

/* Begin PBXBuildFile section */
		41005AA927CEF81A0065F323 /* SwiftyJSON in Frameworks */ = {isa = PBXBuildFile; productRef = 41005AA827CEF81A0065F323 /* SwiftyJSON */; };
		41005AAA27CEF8250065F323 /* AVKit.framework in Frameworks */ = {isa = PBXBuildFile; fileRef = 4114E1E827153FEE00388274 /* AVKit.framework */; };
		41110A2825F9E79E008171D2 /* License.swift in Sources */ = {isa = PBXBuildFile; fileRef = 41110A2725F9E79E008171D2 /* License.swift */; };
		4114E1E927153FEE00388274 /* AVKit.framework in Frameworks */ = {isa = PBXBuildFile; fileRef = 4114E1E827153FEE00388274 /* AVKit.framework */; };
		4114E1EB27154B2200388274 /* VideoView.swift in Sources */ = {isa = PBXBuildFile; fileRef = 4114E1EA27154B2200388274 /* VideoView.swift */; };
		4116922C28939B4500A88700 /* CKBasicsView.swift in Sources */ = {isa = PBXBuildFile; fileRef = 4116922B28939B4500A88700 /* CKBasicsView.swift */; };
		4116922D28939B4500A88700 /* CKBasicsView.swift in Sources */ = {isa = PBXBuildFile; fileRef = 4116922B28939B4500A88700 /* CKBasicsView.swift */; };
		4116922F28939C2A00A88700 /* CKWindowProperties.swift in Sources */ = {isa = PBXBuildFile; fileRef = 4116922E28939C2A00A88700 /* CKWindowProperties.swift */; };
		4116923028939C2A00A88700 /* CKWindowProperties.swift in Sources */ = {isa = PBXBuildFile; fileRef = 4116922E28939C2A00A88700 /* CKWindowProperties.swift */; };
		4116923228939DEB00A88700 /* CKIconView.swift in Sources */ = {isa = PBXBuildFile; fileRef = 4116923128939DEB00A88700 /* CKIconView.swift */; };
		4116923328939DEB00A88700 /* CKIconView.swift in Sources */ = {isa = PBXBuildFile; fileRef = 4116923128939DEB00A88700 /* CKIconView.swift */; };
		4116923528939E4D00A88700 /* CKButtonView.swift in Sources */ = {isa = PBXBuildFile; fileRef = 4116923428939E4D00A88700 /* CKButtonView.swift */; };
		4116923628939E4D00A88700 /* CKButtonView.swift in Sources */ = {isa = PBXBuildFile; fileRef = 4116923428939E4D00A88700 /* CKButtonView.swift */; };
		414550AA27C799D000D756E3 /* BackgroundBlur.swift in Sources */ = {isa = PBXBuildFile; fileRef = 414550A927C799D000D756E3 /* BackgroundBlur.swift */; };
		414550AB27C799D000D756E3 /* BackgroundBlur.swift in Sources */ = {isa = PBXBuildFile; fileRef = 414550A927C799D000D756E3 /* BackgroundBlur.swift */; };
		414550AD27C79BAB00D756E3 /* SwiftyJSON in Frameworks */ = {isa = PBXBuildFile; productRef = 414550AC27C79BAB00D756E3 /* SwiftyJSON */; };
		41512CC2286C77F200F22B86 /* ConstructionKitView.swift in Sources */ = {isa = PBXBuildFile; fileRef = 41512CC1286C77F200F22B86 /* ConstructionKitView.swift */; };
		41512CC3286C77F200F22B86 /* ConstructionKitView.swift in Sources */ = {isa = PBXBuildFile; fileRef = 41512CC1286C77F200F22B86 /* ConstructionKitView.swift */; };
		4153783226001A0900AA0E76 /* StringProcessing.swift in Sources */ = {isa = PBXBuildFile; fileRef = 4153783126001A0900AA0E76 /* StringProcessing.swift */; };
		4153784E2604B71800AA0E76 /* TitleView.swift in Sources */ = {isa = PBXBuildFile; fileRef = 4153784D2604B71800AA0E76 /* TitleView.swift */; };
		415378532604B79F00AA0E76 /* IconOverlayView.swift in Sources */ = {isa = PBXBuildFile; fileRef = 415378522604B79E00AA0E76 /* IconOverlayView.swift */; };
		4153785E2604B81300AA0E76 /* IconView.swift in Sources */ = {isa = PBXBuildFile; fileRef = 4153785D2604B81300AA0E76 /* IconView.swift */; };
		4153786C2604BF1A00AA0E76 /* MessageContentView.swift in Sources */ = {isa = PBXBuildFile; fileRef = 4153786B2604BF1A00AA0E76 /* MessageContentView.swift */; };
		4154C2DE25F76BDB00A3D373 /* dialogApp.swift in Sources */ = {isa = PBXBuildFile; fileRef = 4154C2DD25F76BDB00A3D373 /* dialogApp.swift */; };
		4154C2E025F76BDB00A3D373 /* ContentView.swift in Sources */ = {isa = PBXBuildFile; fileRef = 4154C2DF25F76BDB00A3D373 /* ContentView.swift */; };
		4154C2E225F76BDC00A3D373 /* Assets.xcassets in Resources */ = {isa = PBXBuildFile; fileRef = 4154C2E125F76BDC00A3D373 /* Assets.xcassets */; };
		4154C2E525F76BDC00A3D373 /* Preview Assets.xcassets in Resources */ = {isa = PBXBuildFile; fileRef = 4154C2E425F76BDC00A3D373 /* Preview Assets.xcassets */; };
		4154C2F125F76BDC00A3D373 /* dialogTests.swift in Sources */ = {isa = PBXBuildFile; fileRef = 4154C2F025F76BDC00A3D373 /* dialogTests.swift */; };
		4154C2FC25F76BDC00A3D373 /* dialogUITests.swift in Sources */ = {isa = PBXBuildFile; fileRef = 4154C2FB25F76BDC00A3D373 /* dialogUITests.swift */; };
		415934D826DB1B44009C9C3A /* ProcessCLOptions.swift in Sources */ = {isa = PBXBuildFile; fileRef = 415934D726DB1B44009C9C3A /* ProcessCLOptions.swift */; };
		415934DA26DB7604009C9C3A /* WindowPositioning.swift in Sources */ = {isa = PBXBuildFile; fileRef = 415934D926DB7604009C9C3A /* WindowPositioning.swift */; };
		415E1FCA27A2694B00DE971B /* ListView.swift in Sources */ = {isa = PBXBuildFile; fileRef = 415E1FC927A2694B00DE971B /* ListView.swift */; };
		415E1FCB27A2B0A000DE971B /* ListView.swift in Sources */ = {isa = PBXBuildFile; fileRef = 415E1FC927A2694B00DE971B /* ListView.swift */; };
		416DED42261C5FE00049B6B5 /* FullscreenView.swift in Sources */ = {isa = PBXBuildFile; fileRef = 416DED41261C5FE00049B6B5 /* FullscreenView.swift */; };
		417BD4352798FE39009AE34A /* DialogUpdatableContent.swift in Sources */ = {isa = PBXBuildFile; fileRef = 417BD4342798FE38009AE34A /* DialogUpdatableContent.swift */; };
		417BD4362798FE48009AE34A /* DialogUpdatableContent.swift in Sources */ = {isa = PBXBuildFile; fileRef = 417BD4342798FE38009AE34A /* DialogUpdatableContent.swift */; };
		417BD43827992EDB009AE34A /* TaskProgressView.swift in Sources */ = {isa = PBXBuildFile; fileRef = 417BD43727992EDB009AE34A /* TaskProgressView.swift */; };
		417BD43927992EDB009AE34A /* TaskProgressView.swift in Sources */ = {isa = PBXBuildFile; fileRef = 417BD43727992EDB009AE34A /* TaskProgressView.swift */; };
		417BD471279CB658009AE34A /* CheckboxView.swift in Sources */ = {isa = PBXBuildFile; fileRef = 417BD470279CB658009AE34A /* CheckboxView.swift */; };
		417BD472279CB658009AE34A /* CheckboxView.swift in Sources */ = {isa = PBXBuildFile; fileRef = 417BD470279CB658009AE34A /* CheckboxView.swift */; };
		417BF0BB260F1726009AD252 /* BannerImageView.swift in Sources */ = {isa = PBXBuildFile; fileRef = 417BF0BA260F1726009AD252 /* BannerImageView.swift */; };
		41832B6E2843143C0062AA1F /* ErrorView.swift in Sources */ = {isa = PBXBuildFile; fileRef = 41832B6D2843143C0062AA1F /* ErrorView.swift */; };
		41832B6F2843143C0062AA1F /* ErrorView.swift in Sources */ = {isa = PBXBuildFile; fileRef = 41832B6D2843143C0062AA1F /* ErrorView.swift */; };
		41832B7228436B430062AA1F /* Localizable.strings in Resources */ = {isa = PBXBuildFile; fileRef = 41832B7428436B430062AA1F /* Localizable.strings */; };
		41876683275D87C70023A6A1 /* ImageSlider.swift in Sources */ = {isa = PBXBuildFile; fileRef = 41876682275D87C70023A6A1 /* ImageSlider.swift */; };
		41876684275D88D60023A6A1 /* ImageSlider.swift in Sources */ = {isa = PBXBuildFile; fileRef = 41876682275D87C70023A6A1 /* ImageSlider.swift */; };
		418A7B512759949A00E4D6F1 /* VideoView.swift in Sources */ = {isa = PBXBuildFile; fileRef = 4114E1EA27154B2200388274 /* VideoView.swift */; };
		418A7B522759949A00E4D6F1 /* watermarkView.swift in Sources */ = {isa = PBXBuildFile; fileRef = 41A44EAF26F2F25200FEE1AC /* watermarkView.swift */; };
		418A7B532759949A00E4D6F1 /* TextEntryView.swift in Sources */ = {isa = PBXBuildFile; fileRef = 41AD75B526AA81760023EBD8 /* TextEntryView.swift */; };
		418A7B542759949A00E4D6F1 /* timerBarView.swift in Sources */ = {isa = PBXBuildFile; fileRef = 41FD45FD26C40366006976FC /* timerBarView.swift */; };
		418A7B552759949B00E4D6F1 /* ImageView.swift in Sources */ = {isa = PBXBuildFile; fileRef = 41FD45FF26C8DC5D006976FC /* ImageView.swift */; };
		418A7B562759949B00E4D6F1 /* jamfHelper.swift in Sources */ = {isa = PBXBuildFile; fileRef = 41D6FE8426DB11BA0083BE61 /* jamfHelper.swift */; };
		418A7B572759949B00E4D6F1 /* ProcessCLOptions.swift in Sources */ = {isa = PBXBuildFile; fileRef = 415934D726DB1B44009C9C3A /* ProcessCLOptions.swift */; };
		418A7B582759949B00E4D6F1 /* WindowPositioning.swift in Sources */ = {isa = PBXBuildFile; fileRef = 415934D926DB7604009C9C3A /* WindowPositioning.swift */; };
		418A7B592759949B00E4D6F1 /* helpText.swift in Sources */ = {isa = PBXBuildFile; fileRef = 41A44EB126F4C43A00FEE1AC /* helpText.swift */; };
		418A7B5D275994BB00E4D6F1 /* MarkdownUI in Frameworks */ = {isa = PBXBuildFile; productRef = 418A7B5C275994BB00E4D6F1 /* MarkdownUI */; };
		418AE4232667A17A001E3423 /* DropdownView.swift in Sources */ = {isa = PBXBuildFile; fileRef = 418AE4222667A17A001E3423 /* DropdownView.swift */; };
		41A44EB026F2F25200FEE1AC /* watermarkView.swift in Sources */ = {isa = PBXBuildFile; fileRef = 41A44EAF26F2F25200FEE1AC /* watermarkView.swift */; };
		41A44EB226F4C43A00FEE1AC /* helpText.swift in Sources */ = {isa = PBXBuildFile; fileRef = 41A44EB126F4C43A00FEE1AC /* helpText.swift */; };
		41AD75B626AA81760023EBD8 /* TextEntryView.swift in Sources */ = {isa = PBXBuildFile; fileRef = 41AD75B526AA81760023EBD8 /* TextEntryView.swift */; };
		41D6FE8526DB11BA0083BE61 /* jamfHelper.swift in Sources */ = {isa = PBXBuildFile; fileRef = 41D6FE8426DB11BA0083BE61 /* jamfHelper.swift */; };
		41D81E5725F7929800D1F7E1 /* DialogView.swift in Sources */ = {isa = PBXBuildFile; fileRef = 41D81E5625F7929800D1F7E1 /* DialogView.swift */; };
		41D81E5C25F817BF00D1F7E1 /* ButtonView.swift in Sources */ = {isa = PBXBuildFile; fileRef = 41D81E5B25F817BF00D1F7E1 /* ButtonView.swift */; };
		41D81E6C25F8209F00D1F7E1 /* Options.swift in Sources */ = {isa = PBXBuildFile; fileRef = 41D81E6B25F8209F00D1F7E1 /* Options.swift */; };
		41D81E7125F845D200D1F7E1 /* appVaribles.swift in Sources */ = {isa = PBXBuildFile; fileRef = 41D81E7025F845D200D1F7E1 /* appVaribles.swift */; };
		41D81E7925F870A500D1F7E1 /* Functions.swift in Sources */ = {isa = PBXBuildFile; fileRef = 41D81E7825F870A500D1F7E1 /* Functions.swift */; };
		41E4BC9726AEDB130042A0A3 /* MarkdownUI in Frameworks */ = {isa = PBXBuildFile; productRef = 41E4BC9626AEDB130042A0A3 /* MarkdownUI */; };
		41FB64872680855300A54C3E /* ContentView.swift in Sources */ = {isa = PBXBuildFile; fileRef = 4154C2DF25F76BDB00A3D373 /* ContentView.swift */; };
		41FB64882680855300A54C3E /* DialogView.swift in Sources */ = {isa = PBXBuildFile; fileRef = 41D81E5625F7929800D1F7E1 /* DialogView.swift */; };
		41FB64892680855300A54C3E /* MessageContentView.swift in Sources */ = {isa = PBXBuildFile; fileRef = 4153786B2604BF1A00AA0E76 /* MessageContentView.swift */; };
		41FB648A2680855300A54C3E /* IconView.swift in Sources */ = {isa = PBXBuildFile; fileRef = 4153785D2604B81300AA0E76 /* IconView.swift */; };
		41FB648B2680855300A54C3E /* TitleView.swift in Sources */ = {isa = PBXBuildFile; fileRef = 4153784D2604B71800AA0E76 /* TitleView.swift */; };
		41FB648C2680855300A54C3E /* BannerImageView.swift in Sources */ = {isa = PBXBuildFile; fileRef = 417BF0BA260F1726009AD252 /* BannerImageView.swift */; };
		41FB648D2680855300A54C3E /* ButtonView.swift in Sources */ = {isa = PBXBuildFile; fileRef = 41D81E5B25F817BF00D1F7E1 /* ButtonView.swift */; };
		41FB648E2680855300A54C3E /* DropdownView.swift in Sources */ = {isa = PBXBuildFile; fileRef = 418AE4222667A17A001E3423 /* DropdownView.swift */; };
		41FB648F2680855300A54C3E /* IconOverlayView.swift in Sources */ = {isa = PBXBuildFile; fileRef = 415378522604B79E00AA0E76 /* IconOverlayView.swift */; };
		41FB64902680855300A54C3E /* FullscreenView.swift in Sources */ = {isa = PBXBuildFile; fileRef = 416DED41261C5FE00049B6B5 /* FullscreenView.swift */; };
		41FB64912680855300A54C3E /* Options.swift in Sources */ = {isa = PBXBuildFile; fileRef = 41D81E6B25F8209F00D1F7E1 /* Options.swift */; };
		41FB64922680855300A54C3E /* Functions.swift in Sources */ = {isa = PBXBuildFile; fileRef = 41D81E7825F870A500D1F7E1 /* Functions.swift */; };
		41FB64932680855300A54C3E /* License.swift in Sources */ = {isa = PBXBuildFile; fileRef = 41110A2725F9E79E008171D2 /* License.swift */; };
		41FB64942680855300A54C3E /* StringProcessing.swift in Sources */ = {isa = PBXBuildFile; fileRef = 4153783126001A0900AA0E76 /* StringProcessing.swift */; };
		41FB64952680855300A54C3E /* dialogApp.swift in Sources */ = {isa = PBXBuildFile; fileRef = 4154C2DD25F76BDB00A3D373 /* dialogApp.swift */; };
		41FB64962680855300A54C3E /* appVaribles.swift in Sources */ = {isa = PBXBuildFile; fileRef = 41D81E7025F845D200D1F7E1 /* appVaribles.swift */; };
		41FD45FE26C40366006976FC /* timerBarView.swift in Sources */ = {isa = PBXBuildFile; fileRef = 41FD45FD26C40366006976FC /* timerBarView.swift */; };
		41FD460026C8DC5D006976FC /* ImageView.swift in Sources */ = {isa = PBXBuildFile; fileRef = 41FD45FF26C8DC5D006976FC /* ImageView.swift */; };
/* End PBXBuildFile section */

/* Begin PBXContainerItemProxy section */
		4154C2ED25F76BDC00A3D373 /* PBXContainerItemProxy */ = {
			isa = PBXContainerItemProxy;
			containerPortal = 4154C2D225F76BDB00A3D373 /* Project object */;
			proxyType = 1;
			remoteGlobalIDString = 4154C2D925F76BDB00A3D373;
			remoteInfo = dialog;
		};
		4154C2F825F76BDC00A3D373 /* PBXContainerItemProxy */ = {
			isa = PBXContainerItemProxy;
			containerPortal = 4154C2D225F76BDB00A3D373 /* Project object */;
			proxyType = 1;
			remoteGlobalIDString = 4154C2D925F76BDB00A3D373;
			remoteInfo = dialog;
		};
/* End PBXContainerItemProxy section */

/* Begin PBXCopyFilesBuildPhase section */
		41FB647E268070CF00A54C3E /* CopyFiles */ = {
			isa = PBXCopyFilesBuildPhase;
			buildActionMask = 2147483647;
			dstPath = /usr/share/man/man1/;
			dstSubfolderSpec = 0;
			files = (
			);
			runOnlyForDeploymentPostprocessing = 1;
		};
/* End PBXCopyFilesBuildPhase section */

/* Begin PBXFileReference section */
		41110A2725F9E79E008171D2 /* License.swift */ = {isa = PBXFileReference; lastKnownFileType = sourcecode.swift; path = License.swift; sourceTree = "<group>"; };
		4114E1E827153FEE00388274 /* AVKit.framework */ = {isa = PBXFileReference; lastKnownFileType = wrapper.framework; name = AVKit.framework; path = System/Library/Frameworks/AVKit.framework; sourceTree = SDKROOT; };
		4114E1EA27154B2200388274 /* VideoView.swift */ = {isa = PBXFileReference; lastKnownFileType = sourcecode.swift; path = VideoView.swift; sourceTree = "<group>"; };
		4116922B28939B4500A88700 /* CKBasicsView.swift */ = {isa = PBXFileReference; lastKnownFileType = sourcecode.swift; path = CKBasicsView.swift; sourceTree = "<group>"; };
		4116922E28939C2A00A88700 /* CKWindowProperties.swift */ = {isa = PBXFileReference; lastKnownFileType = sourcecode.swift; path = CKWindowProperties.swift; sourceTree = "<group>"; };
		4116923128939DEB00A88700 /* CKIconView.swift */ = {isa = PBXFileReference; lastKnownFileType = sourcecode.swift; path = CKIconView.swift; sourceTree = "<group>"; };
		4116923428939E4D00A88700 /* CKButtonView.swift */ = {isa = PBXFileReference; lastKnownFileType = sourcecode.swift; path = CKButtonView.swift; sourceTree = "<group>"; };
		414550A927C799D000D756E3 /* BackgroundBlur.swift */ = {isa = PBXFileReference; fileEncoding = 4; lastKnownFileType = sourcecode.swift; path = BackgroundBlur.swift; sourceTree = "<group>"; };
		41512CC1286C77F200F22B86 /* ConstructionKitView.swift */ = {isa = PBXFileReference; lastKnownFileType = sourcecode.swift; path = ConstructionKitView.swift; sourceTree = "<group>"; };
		4153783126001A0900AA0E76 /* StringProcessing.swift */ = {isa = PBXFileReference; lastKnownFileType = sourcecode.swift; path = StringProcessing.swift; sourceTree = "<group>"; };
		4153784D2604B71800AA0E76 /* TitleView.swift */ = {isa = PBXFileReference; lastKnownFileType = sourcecode.swift; path = TitleView.swift; sourceTree = "<group>"; };
		415378522604B79E00AA0E76 /* IconOverlayView.swift */ = {isa = PBXFileReference; lastKnownFileType = sourcecode.swift; path = IconOverlayView.swift; sourceTree = "<group>"; };
		4153785D2604B81300AA0E76 /* IconView.swift */ = {isa = PBXFileReference; lastKnownFileType = sourcecode.swift; path = IconView.swift; sourceTree = "<group>"; };
		4153786B2604BF1A00AA0E76 /* MessageContentView.swift */ = {isa = PBXFileReference; lastKnownFileType = sourcecode.swift; path = MessageContentView.swift; sourceTree = "<group>"; };
		4154C2DA25F76BDB00A3D373 /* Dialog.app */ = {isa = PBXFileReference; explicitFileType = wrapper.application; includeInIndex = 0; path = Dialog.app; sourceTree = BUILT_PRODUCTS_DIR; };
		4154C2DD25F76BDB00A3D373 /* dialogApp.swift */ = {isa = PBXFileReference; lastKnownFileType = sourcecode.swift; path = dialogApp.swift; sourceTree = "<group>"; };
		4154C2DF25F76BDB00A3D373 /* ContentView.swift */ = {isa = PBXFileReference; lastKnownFileType = sourcecode.swift; path = ContentView.swift; sourceTree = "<group>"; };
		4154C2E125F76BDC00A3D373 /* Assets.xcassets */ = {isa = PBXFileReference; lastKnownFileType = folder.assetcatalog; path = Assets.xcassets; sourceTree = "<group>"; };
		4154C2E425F76BDC00A3D373 /* Preview Assets.xcassets */ = {isa = PBXFileReference; lastKnownFileType = folder.assetcatalog; path = "Preview Assets.xcassets"; sourceTree = "<group>"; };
		4154C2E625F76BDC00A3D373 /* Info.plist */ = {isa = PBXFileReference; lastKnownFileType = text.plist.xml; path = Info.plist; sourceTree = "<group>"; };
		4154C2E725F76BDC00A3D373 /* dialog.entitlements */ = {isa = PBXFileReference; lastKnownFileType = text.plist.entitlements; path = dialog.entitlements; sourceTree = "<group>"; };
		4154C2EC25F76BDC00A3D373 /* dialogTests.xctest */ = {isa = PBXFileReference; explicitFileType = wrapper.cfbundle; includeInIndex = 0; path = dialogTests.xctest; sourceTree = BUILT_PRODUCTS_DIR; };
		4154C2F025F76BDC00A3D373 /* dialogTests.swift */ = {isa = PBXFileReference; lastKnownFileType = sourcecode.swift; path = dialogTests.swift; sourceTree = "<group>"; };
		4154C2F225F76BDC00A3D373 /* Info.plist */ = {isa = PBXFileReference; lastKnownFileType = text.plist.xml; path = Info.plist; sourceTree = "<group>"; };
		4154C2F725F76BDC00A3D373 /* dialogUITests.xctest */ = {isa = PBXFileReference; explicitFileType = wrapper.cfbundle; includeInIndex = 0; path = dialogUITests.xctest; sourceTree = BUILT_PRODUCTS_DIR; };
		4154C2FB25F76BDC00A3D373 /* dialogUITests.swift */ = {isa = PBXFileReference; lastKnownFileType = sourcecode.swift; path = dialogUITests.swift; sourceTree = "<group>"; };
		4154C2FD25F76BDC00A3D373 /* Info.plist */ = {isa = PBXFileReference; lastKnownFileType = text.plist.xml; path = Info.plist; sourceTree = "<group>"; };
		415934D726DB1B44009C9C3A /* ProcessCLOptions.swift */ = {isa = PBXFileReference; lastKnownFileType = sourcecode.swift; path = ProcessCLOptions.swift; sourceTree = "<group>"; };
		415934D926DB7604009C9C3A /* WindowPositioning.swift */ = {isa = PBXFileReference; lastKnownFileType = sourcecode.swift; path = WindowPositioning.swift; sourceTree = "<group>"; };
		415E1FC927A2694B00DE971B /* ListView.swift */ = {isa = PBXFileReference; lastKnownFileType = sourcecode.swift; path = ListView.swift; sourceTree = "<group>"; };
		416DED41261C5FE00049B6B5 /* FullscreenView.swift */ = {isa = PBXFileReference; lastKnownFileType = sourcecode.swift; path = FullscreenView.swift; sourceTree = "<group>"; };
		417BD4342798FE38009AE34A /* DialogUpdatableContent.swift */ = {isa = PBXFileReference; fileEncoding = 4; lastKnownFileType = sourcecode.swift; path = DialogUpdatableContent.swift; sourceTree = "<group>"; };
		417BD43727992EDB009AE34A /* TaskProgressView.swift */ = {isa = PBXFileReference; lastKnownFileType = sourcecode.swift; path = TaskProgressView.swift; sourceTree = "<group>"; };
		417BD470279CB658009AE34A /* CheckboxView.swift */ = {isa = PBXFileReference; lastKnownFileType = sourcecode.swift; path = CheckboxView.swift; sourceTree = "<group>"; };
		417BF0BA260F1726009AD252 /* BannerImageView.swift */ = {isa = PBXFileReference; lastKnownFileType = sourcecode.swift; path = BannerImageView.swift; sourceTree = "<group>"; };
		41832B6D2843143C0062AA1F /* ErrorView.swift */ = {isa = PBXFileReference; lastKnownFileType = sourcecode.swift; path = ErrorView.swift; sourceTree = "<group>"; };
		41832B7328436B430062AA1F /* en */ = {isa = PBXFileReference; lastKnownFileType = text.plist.strings; name = en; path = en.lproj/Localizable.strings; sourceTree = "<group>"; };
		41832B7528436B750062AA1F /* en-AU */ = {isa = PBXFileReference; lastKnownFileType = text.plist.strings; name = "en-AU"; path = "en-AU.lproj/Localizable.strings"; sourceTree = "<group>"; };
		41832B7628436BB40062AA1F /* fr */ = {isa = PBXFileReference; lastKnownFileType = text.plist.strings; name = fr; path = fr.lproj/Localizable.strings; sourceTree = "<group>"; };
		41832B782843968F0062AA1F /* de */ = {isa = PBXFileReference; lastKnownFileType = text.plist.strings; name = de; path = de.lproj/Localizable.strings; sourceTree = "<group>"; };
		41832B792843A3340062AA1F /* nl */ = {isa = PBXFileReference; lastKnownFileType = text.plist.strings; name = nl; path = nl.lproj/Localizable.strings; sourceTree = "<group>"; };
		41832B7A284436E50062AA1F /* da-DK */ = {isa = PBXFileReference; lastKnownFileType = text.plist.strings; name = "da-DK"; path = "da-DK.lproj/Localizable.strings"; sourceTree = "<group>"; };
		41876682275D87C70023A6A1 /* ImageSlider.swift */ = {isa = PBXFileReference; fileEncoding = 4; lastKnownFileType = sourcecode.swift; path = ImageSlider.swift; sourceTree = "<group>"; };
		418AE4222667A17A001E3423 /* DropdownView.swift */ = {isa = PBXFileReference; lastKnownFileType = sourcecode.swift; path = DropdownView.swift; sourceTree = "<group>"; };
		41A44EAF26F2F25200FEE1AC /* watermarkView.swift */ = {isa = PBXFileReference; lastKnownFileType = sourcecode.swift; path = watermarkView.swift; sourceTree = "<group>"; };
		41A44EB126F4C43A00FEE1AC /* helpText.swift */ = {isa = PBXFileReference; lastKnownFileType = sourcecode.swift; path = helpText.swift; sourceTree = "<group>"; };
		41AD75B526AA81760023EBD8 /* TextEntryView.swift */ = {isa = PBXFileReference; lastKnownFileType = sourcecode.swift; path = TextEntryView.swift; sourceTree = "<group>"; };
		41D6FE8426DB11BA0083BE61 /* jamfHelper.swift */ = {isa = PBXFileReference; lastKnownFileType = sourcecode.swift; path = jamfHelper.swift; sourceTree = "<group>"; };
		41D81E5625F7929800D1F7E1 /* DialogView.swift */ = {isa = PBXFileReference; lastKnownFileType = sourcecode.swift; path = DialogView.swift; sourceTree = "<group>"; };
		41D81E5B25F817BF00D1F7E1 /* ButtonView.swift */ = {isa = PBXFileReference; lastKnownFileType = sourcecode.swift; path = ButtonView.swift; sourceTree = "<group>"; };
		41D81E6B25F8209F00D1F7E1 /* Options.swift */ = {isa = PBXFileReference; lastKnownFileType = sourcecode.swift; path = Options.swift; sourceTree = "<group>"; };
		41D81E7025F845D200D1F7E1 /* appVaribles.swift */ = {isa = PBXFileReference; lastKnownFileType = sourcecode.swift; path = appVaribles.swift; sourceTree = "<group>"; };
		41D81E7825F870A500D1F7E1 /* Functions.swift */ = {isa = PBXFileReference; lastKnownFileType = sourcecode.swift; path = Functions.swift; sourceTree = "<group>"; };
		41FB6480268070CF00A54C3E /* dialogcli */ = {isa = PBXFileReference; explicitFileType = "compiled.mach-o.executable"; includeInIndex = 0; path = dialogcli; sourceTree = BUILT_PRODUCTS_DIR; };
		41FD45FD26C40366006976FC /* timerBarView.swift */ = {isa = PBXFileReference; fileEncoding = 4; lastKnownFileType = sourcecode.swift; path = timerBarView.swift; sourceTree = "<group>"; };
		41FD45FF26C8DC5D006976FC /* ImageView.swift */ = {isa = PBXFileReference; lastKnownFileType = sourcecode.swift; path = ImageView.swift; sourceTree = "<group>"; };
/* End PBXFileReference section */

/* Begin PBXFrameworksBuildPhase section */
		4154C2D725F76BDB00A3D373 /* Frameworks */ = {
			isa = PBXFrameworksBuildPhase;
			buildActionMask = 2147483647;
			files = (
				41005AAA27CEF8250065F323 /* AVKit.framework in Frameworks */,
				41005AA927CEF81A0065F323 /* SwiftyJSON in Frameworks */,
				418A7B5D275994BB00E4D6F1 /* MarkdownUI in Frameworks */,
			);
			runOnlyForDeploymentPostprocessing = 0;
		};
		4154C2E925F76BDC00A3D373 /* Frameworks */ = {
			isa = PBXFrameworksBuildPhase;
			buildActionMask = 2147483647;
			files = (
			);
			runOnlyForDeploymentPostprocessing = 0;
		};
		4154C2F425F76BDC00A3D373 /* Frameworks */ = {
			isa = PBXFrameworksBuildPhase;
			buildActionMask = 2147483647;
			files = (
			);
			runOnlyForDeploymentPostprocessing = 0;
		};
		41FB647D268070CF00A54C3E /* Frameworks */ = {
			isa = PBXFrameworksBuildPhase;
			buildActionMask = 2147483647;
			files = (
				414550AD27C79BAB00D756E3 /* SwiftyJSON in Frameworks */,
				4114E1E927153FEE00388274 /* AVKit.framework in Frameworks */,
				41E4BC9726AEDB130042A0A3 /* MarkdownUI in Frameworks */,
			);
			runOnlyForDeploymentPostprocessing = 0;
		};
/* End PBXFrameworksBuildPhase section */

/* Begin PBXGroup section */
		4114E1E727153FEE00388274 /* Frameworks */ = {
			isa = PBXGroup;
			children = (
				4114E1E827153FEE00388274 /* AVKit.framework */,
			);
			name = Frameworks;
			sourceTree = "<group>";
		};
		4116922A28939A6C00A88700 /* ConstructionKit */ = {
			isa = PBXGroup;
			children = (
				41512CC1286C77F200F22B86 /* ConstructionKitView.swift */,
				4116922B28939B4500A88700 /* CKBasicsView.swift */,
				4116922E28939C2A00A88700 /* CKWindowProperties.swift */,
				4116923128939DEB00A88700 /* CKIconView.swift */,
				4116923428939E4D00A88700 /* CKButtonView.swift */,
			);
			path = ConstructionKit;
			sourceTree = "<group>";
		};
		4154C2D125F76BDB00A3D373 = {
			isa = PBXGroup;
			children = (
				4154C2DC25F76BDB00A3D373 /* dialog */,
				4154C2EF25F76BDC00A3D373 /* dialogTests */,
				4154C2FA25F76BDC00A3D373 /* dialogUITests */,
				41FB6481268070CF00A54C3E /* dialog */,
				4154C2DB25F76BDB00A3D373 /* Products */,
				4114E1E727153FEE00388274 /* Frameworks */,
			);
			sourceTree = "<group>";
		};
		4154C2DB25F76BDB00A3D373 /* Products */ = {
			isa = PBXGroup;
			children = (
				4154C2DA25F76BDB00A3D373 /* Dialog.app */,
				4154C2EC25F76BDC00A3D373 /* dialogTests.xctest */,
				4154C2F725F76BDC00A3D373 /* dialogUITests.xctest */,
				41FB6480268070CF00A54C3E /* dialogcli */,
			);
			name = Products;
			sourceTree = "<group>";
		};
		4154C2DC25F76BDB00A3D373 /* dialog */ = {
			isa = PBXGroup;
			children = (
				41C8259825F99AF90042DC50 /* UI */,
				4154C30C25F782E900A3D373 /* extras */,
				4154C2DD25F76BDB00A3D373 /* dialogApp.swift */,
				41D81E7025F845D200D1F7E1 /* appVaribles.swift */,
				4154C2E125F76BDC00A3D373 /* Assets.xcassets */,
				41832B7428436B430062AA1F /* Localizable.strings */,
				4154C2E625F76BDC00A3D373 /* Info.plist */,
				4154C2E725F76BDC00A3D373 /* dialog.entitlements */,
				4154C2E325F76BDC00A3D373 /* Preview Content */,
			);
			path = dialog;
			sourceTree = "<group>";
		};
		4154C2E325F76BDC00A3D373 /* Preview Content */ = {
			isa = PBXGroup;
			children = (
				4154C2E425F76BDC00A3D373 /* Preview Assets.xcassets */,
			);
			path = "Preview Content";
			sourceTree = "<group>";
		};
		4154C2EF25F76BDC00A3D373 /* dialogTests */ = {
			isa = PBXGroup;
			children = (
				4154C2F025F76BDC00A3D373 /* dialogTests.swift */,
				4154C2F225F76BDC00A3D373 /* Info.plist */,
			);
			path = dialogTests;
			sourceTree = "<group>";
		};
		4154C2FA25F76BDC00A3D373 /* dialogUITests */ = {
			isa = PBXGroup;
			children = (
				4154C2FB25F76BDC00A3D373 /* dialogUITests.swift */,
				4154C2FD25F76BDC00A3D373 /* Info.plist */,
			);
			path = dialogUITests;
			sourceTree = "<group>";
		};
		4154C30C25F782E900A3D373 /* extras */ = {
			isa = PBXGroup;
			children = (
				417BD4342798FE38009AE34A /* DialogUpdatableContent.swift */,
				41D81E6B25F8209F00D1F7E1 /* Options.swift */,
				41D81E7825F870A500D1F7E1 /* Functions.swift */,
				41110A2725F9E79E008171D2 /* License.swift */,
				4153783126001A0900AA0E76 /* StringProcessing.swift */,
				41D6FE8426DB11BA0083BE61 /* jamfHelper.swift */,
				415934D726DB1B44009C9C3A /* ProcessCLOptions.swift */,
				415934D926DB7604009C9C3A /* WindowPositioning.swift */,
				41A44EB126F4C43A00FEE1AC /* helpText.swift */,
			);
			path = extras;
			sourceTree = "<group>";
		};
		41C8259825F99AF90042DC50 /* UI */ = {
			isa = PBXGroup;
			children = (
				4116922A28939A6C00A88700 /* ConstructionKit */,
				414550A927C799D000D756E3 /* BackgroundBlur.swift */,
				4154C2DF25F76BDB00A3D373 /* ContentView.swift */,
				4114E1EA27154B2200388274 /* VideoView.swift */,
				41A44EAF26F2F25200FEE1AC /* watermarkView.swift */,
				41D81E5625F7929800D1F7E1 /* DialogView.swift */,
				4153786B2604BF1A00AA0E76 /* MessageContentView.swift */,
				4153785D2604B81300AA0E76 /* IconView.swift */,
				4153784D2604B71800AA0E76 /* TitleView.swift */,
				417BF0BA260F1726009AD252 /* BannerImageView.swift */,
				41D81E5B25F817BF00D1F7E1 /* ButtonView.swift */,
				418AE4222667A17A001E3423 /* DropdownView.swift */,
				415378522604B79E00AA0E76 /* IconOverlayView.swift */,
				416DED41261C5FE00049B6B5 /* FullscreenView.swift */,
				41AD75B526AA81760023EBD8 /* TextEntryView.swift */,
				41FD45FD26C40366006976FC /* timerBarView.swift */,
				41FD45FF26C8DC5D006976FC /* ImageView.swift */,
				41876682275D87C70023A6A1 /* ImageSlider.swift */,
				417BD43727992EDB009AE34A /* TaskProgressView.swift */,
				417BD470279CB658009AE34A /* CheckboxView.swift */,
				415E1FC927A2694B00DE971B /* ListView.swift */,
				41832B6D2843143C0062AA1F /* ErrorView.swift */,
			);
			path = UI;
			sourceTree = "<group>";
		};
		41FB6481268070CF00A54C3E /* dialog */ = {
			isa = PBXGroup;
			children = (
			);
			path = dialog;
			sourceTree = "<group>";
		};
/* End PBXGroup section */

/* Begin PBXNativeTarget section */
		4154C2D925F76BDB00A3D373 /* Dialog */ = {
			isa = PBXNativeTarget;
			buildConfigurationList = 4154C30025F76BDC00A3D373 /* Build configuration list for PBXNativeTarget "Dialog" */;
			buildPhases = (
				4154C2D625F76BDB00A3D373 /* Sources */,
				4154C2D725F76BDB00A3D373 /* Frameworks */,
				4154C2D825F76BDB00A3D373 /* Resources */,
				41C8258525F996760042DC50 /* ShellScript */,
			);
			buildRules = (
			);
			dependencies = (
				418A7B5B275994AD00E4D6F1 /* PBXTargetDependency */,
			);
			name = Dialog;
			packageProductDependencies = (
				418A7B5C275994BB00E4D6F1 /* MarkdownUI */,
				41005AA827CEF81A0065F323 /* SwiftyJSON */,
			);
			productName = dialog;
			productReference = 4154C2DA25F76BDB00A3D373 /* Dialog.app */;
			productType = "com.apple.product-type.application";
		};
		4154C2EB25F76BDC00A3D373 /* dialogTests */ = {
			isa = PBXNativeTarget;
			buildConfigurationList = 4154C30325F76BDC00A3D373 /* Build configuration list for PBXNativeTarget "dialogTests" */;
			buildPhases = (
				4154C2E825F76BDC00A3D373 /* Sources */,
				4154C2E925F76BDC00A3D373 /* Frameworks */,
				4154C2EA25F76BDC00A3D373 /* Resources */,
			);
			buildRules = (
			);
			dependencies = (
				4154C2EE25F76BDC00A3D373 /* PBXTargetDependency */,
			);
			name = dialogTests;
			productName = dialogTests;
			productReference = 4154C2EC25F76BDC00A3D373 /* dialogTests.xctest */;
			productType = "com.apple.product-type.bundle.unit-test";
		};
		4154C2F625F76BDC00A3D373 /* dialogUITests */ = {
			isa = PBXNativeTarget;
			buildConfigurationList = 4154C30625F76BDC00A3D373 /* Build configuration list for PBXNativeTarget "dialogUITests" */;
			buildPhases = (
				4154C2F325F76BDC00A3D373 /* Sources */,
				4154C2F425F76BDC00A3D373 /* Frameworks */,
				4154C2F525F76BDC00A3D373 /* Resources */,
			);
			buildRules = (
			);
			dependencies = (
				4154C2F925F76BDC00A3D373 /* PBXTargetDependency */,
			);
			name = dialogUITests;
			productName = dialogUITests;
			productReference = 4154C2F725F76BDC00A3D373 /* dialogUITests.xctest */;
			productType = "com.apple.product-type.bundle.ui-testing";
		};
		41FB647F268070CF00A54C3E /* dialogcli */ = {
			isa = PBXNativeTarget;
			buildConfigurationList = 41FB6486268070CF00A54C3E /* Build configuration list for PBXNativeTarget "dialogcli" */;
			buildPhases = (
				41FB647C268070CF00A54C3E /* Sources */,
				41FB647D268070CF00A54C3E /* Frameworks */,
				41FB647E268070CF00A54C3E /* CopyFiles */,
			);
			buildRules = (
			);
			dependencies = (
				418A7B5F2759954400E4D6F1 /* PBXTargetDependency */,
			);
			name = dialogcli;
			packageProductDependencies = (
				41E4BC9626AEDB130042A0A3 /* MarkdownUI */,
				414550AC27C79BAB00D756E3 /* SwiftyJSON */,
			);
			productName = dialog;
			productReference = 41FB6480268070CF00A54C3E /* dialogcli */;
			productType = "com.apple.product-type.tool";
		};
/* End PBXNativeTarget section */

/* Begin PBXProject section */
		4154C2D225F76BDB00A3D373 /* Project object */ = {
			isa = PBXProject;
			attributes = {
				LastSwiftUpdateCheck = 1250;
				LastUpgradeCheck = 1310;
				TargetAttributes = {
					4154C2D925F76BDB00A3D373 = {
						CreatedOnToolsVersion = 12.4;
					};
					4154C2EB25F76BDC00A3D373 = {
						CreatedOnToolsVersion = 12.4;
						TestTargetID = 4154C2D925F76BDB00A3D373;
					};
					4154C2F625F76BDC00A3D373 = {
						CreatedOnToolsVersion = 12.4;
						TestTargetID = 4154C2D925F76BDB00A3D373;
					};
					41FB647F268070CF00A54C3E = {
						CreatedOnToolsVersion = 12.5;
					};
				};
			};
			buildConfigurationList = 4154C2D525F76BDB00A3D373 /* Build configuration list for PBXProject "dialog" */;
			compatibilityVersion = "Xcode 9.3";
			developmentRegion = en;
			hasScannedForEncodings = 0;
			knownRegions = (
				en,
				Base,
				"en-AU",
				fr,
				de,
				nl,
				"da-DK",
			);
			mainGroup = 4154C2D125F76BDB00A3D373;
			packageReferences = (
				41E4BC9526AEDB130042A0A3 /* XCRemoteSwiftPackageReference "MarkdownUI" */,
				414CBAE9278913BA00A1A980 /* XCRemoteSwiftPackageReference "SwiftyJSON" */,
			);
			productRefGroup = 4154C2DB25F76BDB00A3D373 /* Products */;
			projectDirPath = "";
			projectRoot = "";
			targets = (
				4154C2D925F76BDB00A3D373 /* Dialog */,
				4154C2EB25F76BDC00A3D373 /* dialogTests */,
				4154C2F625F76BDC00A3D373 /* dialogUITests */,
				41FB647F268070CF00A54C3E /* dialogcli */,
			);
		};
/* End PBXProject section */

/* Begin PBXResourcesBuildPhase section */
		4154C2D825F76BDB00A3D373 /* Resources */ = {
			isa = PBXResourcesBuildPhase;
			buildActionMask = 2147483647;
			files = (
				4154C2E525F76BDC00A3D373 /* Preview Assets.xcassets in Resources */,
				41832B7228436B430062AA1F /* Localizable.strings in Resources */,
				4154C2E225F76BDC00A3D373 /* Assets.xcassets in Resources */,
			);
			runOnlyForDeploymentPostprocessing = 0;
		};
		4154C2EA25F76BDC00A3D373 /* Resources */ = {
			isa = PBXResourcesBuildPhase;
			buildActionMask = 2147483647;
			files = (
			);
			runOnlyForDeploymentPostprocessing = 0;
		};
		4154C2F525F76BDC00A3D373 /* Resources */ = {
			isa = PBXResourcesBuildPhase;
			buildActionMask = 2147483647;
			files = (
			);
			runOnlyForDeploymentPostprocessing = 0;
		};
/* End PBXResourcesBuildPhase section */

/* Begin PBXShellScriptBuildPhase section */
		41C8258525F996760042DC50 /* ShellScript */ = {
			isa = PBXShellScriptBuildPhase;
			buildActionMask = 2147483647;
			files = (
			);
			inputFileListPaths = (
			);
			inputPaths = (
			);
			outputFileListPaths = (
			);
			outputPaths = (
			);
			runOnlyForDeploymentPostprocessing = 0;
			shellPath = /bin/sh;
			shellScript = "#!/bin/bash\nbuildNumber=$(/usr/libexec/PlistBuddy -c \"Print CFBundleVersion\" \"${PROJECT_DIR}/${INFOPLIST_FILE}\")\nbuildNumber=$(($buildNumber + 1))\n/usr/libexec/PlistBuddy -c \"Set :CFBundleVersion $buildNumber\" \"${PROJECT_DIR}/${INFOPLIST_FILE}\"\n\n";
		};
/* End PBXShellScriptBuildPhase section */

/* Begin PBXSourcesBuildPhase section */
		4154C2D625F76BDB00A3D373 /* Sources */ = {
			isa = PBXSourcesBuildPhase;
			buildActionMask = 2147483647;
			files = (
				41512CC2286C77F200F22B86 /* ConstructionKitView.swift in Sources */,
				4116922C28939B4500A88700 /* CKBasicsView.swift in Sources */,
				415E1FCB27A2B0A000DE971B /* ListView.swift in Sources */,
				4116922F28939C2A00A88700 /* CKWindowProperties.swift in Sources */,
				417BD4362798FE48009AE34A /* DialogUpdatableContent.swift in Sources */,
				41876684275D88D60023A6A1 /* ImageSlider.swift in Sources */,
				414550AA27C799D000D756E3 /* BackgroundBlur.swift in Sources */,
				418A7B512759949A00E4D6F1 /* VideoView.swift in Sources */,
				418A7B522759949A00E4D6F1 /* watermarkView.swift in Sources */,
				418A7B532759949A00E4D6F1 /* TextEntryView.swift in Sources */,
				418A7B542759949A00E4D6F1 /* timerBarView.swift in Sources */,
				418A7B552759949B00E4D6F1 /* ImageView.swift in Sources */,
				418A7B562759949B00E4D6F1 /* jamfHelper.swift in Sources */,
				418A7B572759949B00E4D6F1 /* ProcessCLOptions.swift in Sources */,
				418A7B582759949B00E4D6F1 /* WindowPositioning.swift in Sources */,
				418A7B592759949B00E4D6F1 /* helpText.swift in Sources */,
				4116923528939E4D00A88700 /* CKButtonView.swift in Sources */,
				417BD471279CB658009AE34A /* CheckboxView.swift in Sources */,
				4116923228939DEB00A88700 /* CKIconView.swift in Sources */,
				4153784E2604B71800AA0E76 /* TitleView.swift in Sources */,
				41832B6E2843143C0062AA1F /* ErrorView.swift in Sources */,
				4153785E2604B81300AA0E76 /* IconView.swift in Sources */,
				417BF0BB260F1726009AD252 /* BannerImageView.swift in Sources */,
				4153786C2604BF1A00AA0E76 /* MessageContentView.swift in Sources */,
				416DED42261C5FE00049B6B5 /* FullscreenView.swift in Sources */,
				418AE4232667A17A001E3423 /* DropdownView.swift in Sources */,
				417BD43827992EDB009AE34A /* TaskProgressView.swift in Sources */,
				41D81E5725F7929800D1F7E1 /* DialogView.swift in Sources */,
				4154C2E025F76BDB00A3D373 /* ContentView.swift in Sources */,
				41D81E5C25F817BF00D1F7E1 /* ButtonView.swift in Sources */,
				4153783226001A0900AA0E76 /* StringProcessing.swift in Sources */,
				415378532604B79F00AA0E76 /* IconOverlayView.swift in Sources */,
				41110A2825F9E79E008171D2 /* License.swift in Sources */,
				4154C2DE25F76BDB00A3D373 /* dialogApp.swift in Sources */,
				41D81E6C25F8209F00D1F7E1 /* Options.swift in Sources */,
				41D81E7125F845D200D1F7E1 /* appVaribles.swift in Sources */,
				41D81E7925F870A500D1F7E1 /* Functions.swift in Sources */,
			);
			runOnlyForDeploymentPostprocessing = 0;
		};
		4154C2E825F76BDC00A3D373 /* Sources */ = {
			isa = PBXSourcesBuildPhase;
			buildActionMask = 2147483647;
			files = (
				4154C2F125F76BDC00A3D373 /* dialogTests.swift in Sources */,
			);
			runOnlyForDeploymentPostprocessing = 0;
		};
		4154C2F325F76BDC00A3D373 /* Sources */ = {
			isa = PBXSourcesBuildPhase;
			buildActionMask = 2147483647;
			files = (
				4154C2FC25F76BDC00A3D373 /* dialogUITests.swift in Sources */,
			);
			runOnlyForDeploymentPostprocessing = 0;
		};
		41FB647C268070CF00A54C3E /* Sources */ = {
			isa = PBXSourcesBuildPhase;
			buildActionMask = 2147483647;
			files = (
				41512CC3286C77F200F22B86 /* ConstructionKitView.swift in Sources */,
				4116922D28939B4500A88700 /* CKBasicsView.swift in Sources */,
				41FB64872680855300A54C3E /* ContentView.swift in Sources */,
				4116923028939C2A00A88700 /* CKWindowProperties.swift in Sources */,
				41FD460026C8DC5D006976FC /* ImageView.swift in Sources */,
				41FD45FE26C40366006976FC /* timerBarView.swift in Sources */,
				41FB64882680855300A54C3E /* DialogView.swift in Sources */,
				414550AB27C799D000D756E3 /* BackgroundBlur.swift in Sources */,
				41FB64892680855300A54C3E /* MessageContentView.swift in Sources */,
				415934DA26DB7604009C9C3A /* WindowPositioning.swift in Sources */,
				415934D826DB1B44009C9C3A /* ProcessCLOptions.swift in Sources */,
				41A44EB226F4C43A00FEE1AC /* helpText.swift in Sources */,
				41FB648A2680855300A54C3E /* IconView.swift in Sources */,
				41FB648B2680855300A54C3E /* TitleView.swift in Sources */,
				41FB648C2680855300A54C3E /* BannerImageView.swift in Sources */,
				41FB648D2680855300A54C3E /* ButtonView.swift in Sources */,
				4116923628939E4D00A88700 /* CKButtonView.swift in Sources */,
				417BD472279CB658009AE34A /* CheckboxView.swift in Sources */,
				4116923328939DEB00A88700 /* CKIconView.swift in Sources */,
				41876683275D87C70023A6A1 /* ImageSlider.swift in Sources */,
				41832B6F2843143C0062AA1F /* ErrorView.swift in Sources */,
				41FB648E2680855300A54C3E /* DropdownView.swift in Sources */,
				41FB648F2680855300A54C3E /* IconOverlayView.swift in Sources */,
				41FB64902680855300A54C3E /* FullscreenView.swift in Sources */,
				415E1FCA27A2694B00DE971B /* ListView.swift in Sources */,
				417BD4352798FE39009AE34A /* DialogUpdatableContent.swift in Sources */,
				417BD43927992EDB009AE34A /* TaskProgressView.swift in Sources */,
				41FB64912680855300A54C3E /* Options.swift in Sources */,
				41A44EB026F2F25200FEE1AC /* watermarkView.swift in Sources */,
				41FB64922680855300A54C3E /* Functions.swift in Sources */,
				41D6FE8526DB11BA0083BE61 /* jamfHelper.swift in Sources */,
				41FB64932680855300A54C3E /* License.swift in Sources */,
				41FB64942680855300A54C3E /* StringProcessing.swift in Sources */,
				4114E1EB27154B2200388274 /* VideoView.swift in Sources */,
				41FB64952680855300A54C3E /* dialogApp.swift in Sources */,
				41FB64962680855300A54C3E /* appVaribles.swift in Sources */,
				41AD75B626AA81760023EBD8 /* TextEntryView.swift in Sources */,
			);
			runOnlyForDeploymentPostprocessing = 0;
		};
/* End PBXSourcesBuildPhase section */

/* Begin PBXTargetDependency section */
		4154C2EE25F76BDC00A3D373 /* PBXTargetDependency */ = {
			isa = PBXTargetDependency;
			target = 4154C2D925F76BDB00A3D373 /* Dialog */;
			targetProxy = 4154C2ED25F76BDC00A3D373 /* PBXContainerItemProxy */;
		};
		4154C2F925F76BDC00A3D373 /* PBXTargetDependency */ = {
			isa = PBXTargetDependency;
			target = 4154C2D925F76BDB00A3D373 /* Dialog */;
			targetProxy = 4154C2F825F76BDC00A3D373 /* PBXContainerItemProxy */;
		};
		418A7B5B275994AD00E4D6F1 /* PBXTargetDependency */ = {
			isa = PBXTargetDependency;
			productRef = 418A7B5A275994AD00E4D6F1 /* MarkdownUI */;
		};
		418A7B5F2759954400E4D6F1 /* PBXTargetDependency */ = {
			isa = PBXTargetDependency;
			productRef = 418A7B5E2759954400E4D6F1 /* MarkdownUI */;
		};
/* End PBXTargetDependency section */

/* Begin PBXVariantGroup section */
		41832B7428436B430062AA1F /* Localizable.strings */ = {
			isa = PBXVariantGroup;
			children = (
				41832B7328436B430062AA1F /* en */,
				41832B7528436B750062AA1F /* en-AU */,
				41832B7628436BB40062AA1F /* fr */,
				41832B782843968F0062AA1F /* de */,
				41832B792843A3340062AA1F /* nl */,
				41832B7A284436E50062AA1F /* da-DK */,
			);
			name = Localizable.strings;
			sourceTree = "<group>";
		};
/* End PBXVariantGroup section */

/* Begin XCBuildConfiguration section */
		4154C2FE25F76BDC00A3D373 /* Debug */ = {
			isa = XCBuildConfiguration;
			buildSettings = {
				ALWAYS_SEARCH_USER_PATHS = NO;
				CLANG_ANALYZER_LOCALIZABILITY_NONLOCALIZED = YES;
				CLANG_ANALYZER_NONNULL = YES;
				CLANG_ANALYZER_NUMBER_OBJECT_CONVERSION = YES_AGGRESSIVE;
				CLANG_CXX_LANGUAGE_STANDARD = "gnu++14";
				CLANG_CXX_LIBRARY = "libc++";
				CLANG_ENABLE_MODULES = YES;
				CLANG_ENABLE_OBJC_ARC = YES;
				CLANG_ENABLE_OBJC_WEAK = YES;
				CLANG_WARN_BLOCK_CAPTURE_AUTORELEASING = YES;
				CLANG_WARN_BOOL_CONVERSION = YES;
				CLANG_WARN_COMMA = YES;
				CLANG_WARN_CONSTANT_CONVERSION = YES;
				CLANG_WARN_DEPRECATED_OBJC_IMPLEMENTATIONS = YES;
				CLANG_WARN_DIRECT_OBJC_ISA_USAGE = YES_ERROR;
				CLANG_WARN_DOCUMENTATION_COMMENTS = YES;
				CLANG_WARN_EMPTY_BODY = YES;
				CLANG_WARN_ENUM_CONVERSION = YES;
				CLANG_WARN_INFINITE_RECURSION = YES;
				CLANG_WARN_INT_CONVERSION = YES;
				CLANG_WARN_NON_LITERAL_NULL_CONVERSION = YES;
				CLANG_WARN_OBJC_IMPLICIT_RETAIN_SELF = YES;
				CLANG_WARN_OBJC_LITERAL_CONVERSION = YES;
				CLANG_WARN_OBJC_ROOT_CLASS = YES_ERROR;
				CLANG_WARN_QUOTED_INCLUDE_IN_FRAMEWORK_HEADER = YES;
				CLANG_WARN_RANGE_LOOP_ANALYSIS = YES;
				CLANG_WARN_STRICT_PROTOTYPES = YES;
				CLANG_WARN_SUSPICIOUS_MOVE = YES;
				CLANG_WARN_UNGUARDED_AVAILABILITY = YES_AGGRESSIVE;
				CLANG_WARN_UNREACHABLE_CODE = YES;
				CLANG_WARN__DUPLICATE_METHOD_MATCH = YES;
				COPY_PHASE_STRIP = NO;
				DEBUG_INFORMATION_FORMAT = dwarf;
				ENABLE_STRICT_OBJC_MSGSEND = YES;
				ENABLE_TESTABILITY = YES;
				GCC_C_LANGUAGE_STANDARD = gnu11;
				GCC_DYNAMIC_NO_PIC = NO;
				GCC_NO_COMMON_BLOCKS = YES;
				GCC_OPTIMIZATION_LEVEL = 0;
				GCC_PREPROCESSOR_DEFINITIONS = (
					"DEBUG=1",
					"$(inherited)",
				);
				GCC_WARN_64_TO_32_BIT_CONVERSION = YES;
				GCC_WARN_ABOUT_RETURN_TYPE = YES_ERROR;
				GCC_WARN_UNDECLARED_SELECTOR = YES;
				GCC_WARN_UNINITIALIZED_AUTOS = YES_AGGRESSIVE;
				GCC_WARN_UNUSED_FUNCTION = YES;
				GCC_WARN_UNUSED_VARIABLE = YES;
				MACOSX_DEPLOYMENT_TARGET = 11.0;
				MTL_ENABLE_DEBUG_INFO = INCLUDE_SOURCE;
				MTL_FAST_MATH = YES;
				ONLY_ACTIVE_ARCH = YES;
				SDKROOT = macosx;
				SWIFT_ACTIVE_COMPILATION_CONDITIONS = DEBUG;
				SWIFT_OPTIMIZATION_LEVEL = "-Onone";
			};
			name = Debug;
		};
		4154C2FF25F76BDC00A3D373 /* Release */ = {
			isa = XCBuildConfiguration;
			buildSettings = {
				ALWAYS_SEARCH_USER_PATHS = NO;
				CLANG_ANALYZER_LOCALIZABILITY_NONLOCALIZED = YES;
				CLANG_ANALYZER_NONNULL = YES;
				CLANG_ANALYZER_NUMBER_OBJECT_CONVERSION = YES_AGGRESSIVE;
				CLANG_CXX_LANGUAGE_STANDARD = "gnu++14";
				CLANG_CXX_LIBRARY = "libc++";
				CLANG_ENABLE_MODULES = YES;
				CLANG_ENABLE_OBJC_ARC = YES;
				CLANG_ENABLE_OBJC_WEAK = YES;
				CLANG_WARN_BLOCK_CAPTURE_AUTORELEASING = YES;
				CLANG_WARN_BOOL_CONVERSION = YES;
				CLANG_WARN_COMMA = YES;
				CLANG_WARN_CONSTANT_CONVERSION = YES;
				CLANG_WARN_DEPRECATED_OBJC_IMPLEMENTATIONS = YES;
				CLANG_WARN_DIRECT_OBJC_ISA_USAGE = YES_ERROR;
				CLANG_WARN_DOCUMENTATION_COMMENTS = YES;
				CLANG_WARN_EMPTY_BODY = YES;
				CLANG_WARN_ENUM_CONVERSION = YES;
				CLANG_WARN_INFINITE_RECURSION = YES;
				CLANG_WARN_INT_CONVERSION = YES;
				CLANG_WARN_NON_LITERAL_NULL_CONVERSION = YES;
				CLANG_WARN_OBJC_IMPLICIT_RETAIN_SELF = YES;
				CLANG_WARN_OBJC_LITERAL_CONVERSION = YES;
				CLANG_WARN_OBJC_ROOT_CLASS = YES_ERROR;
				CLANG_WARN_QUOTED_INCLUDE_IN_FRAMEWORK_HEADER = YES;
				CLANG_WARN_RANGE_LOOP_ANALYSIS = YES;
				CLANG_WARN_STRICT_PROTOTYPES = YES;
				CLANG_WARN_SUSPICIOUS_MOVE = YES;
				CLANG_WARN_UNGUARDED_AVAILABILITY = YES_AGGRESSIVE;
				CLANG_WARN_UNREACHABLE_CODE = YES;
				CLANG_WARN__DUPLICATE_METHOD_MATCH = YES;
				COPY_PHASE_STRIP = NO;
				DEBUG_INFORMATION_FORMAT = "dwarf-with-dsym";
				ENABLE_NS_ASSERTIONS = NO;
				ENABLE_STRICT_OBJC_MSGSEND = YES;
				GCC_C_LANGUAGE_STANDARD = gnu11;
				GCC_NO_COMMON_BLOCKS = YES;
				GCC_WARN_64_TO_32_BIT_CONVERSION = YES;
				GCC_WARN_ABOUT_RETURN_TYPE = YES_ERROR;
				GCC_WARN_UNDECLARED_SELECTOR = YES;
				GCC_WARN_UNINITIALIZED_AUTOS = YES_AGGRESSIVE;
				GCC_WARN_UNUSED_FUNCTION = YES;
				GCC_WARN_UNUSED_VARIABLE = YES;
				MACOSX_DEPLOYMENT_TARGET = 11.0;
				MTL_ENABLE_DEBUG_INFO = NO;
				MTL_FAST_MATH = YES;
				SDKROOT = macosx;
				SWIFT_COMPILATION_MODE = wholemodule;
				SWIFT_OPTIMIZATION_LEVEL = "-O";
			};
			name = Release;
		};
		4154C30125F76BDC00A3D373 /* Debug */ = {
			isa = XCBuildConfiguration;
			buildSettings = {
				ASSETCATALOG_COMPILER_APPICON_NAME = AppIcon;
				ASSETCATALOG_COMPILER_GLOBAL_ACCENT_COLOR_NAME = AccentColor;
				CODE_SIGN_ENTITLEMENTS = dialog/dialog.entitlements;
				CODE_SIGN_IDENTITY = "Apple Development";
				CODE_SIGN_STYLE = Automatic;
				COMBINE_HIDPI_IMAGES = YES;
				CURRENT_PROJECT_VERSION = 1;
				DEVELOPMENT_ASSET_PATHS = "\"dialog/Preview Content\"";
				DEVELOPMENT_TEAM = PWA5E9TQ59;
				ENABLE_HARDENED_RUNTIME = YES;
				ENABLE_PREVIEWS = YES;
				INFOPLIST_FILE = dialog/Info.plist;
				LD_RUNPATH_SEARCH_PATHS = (
					"$(inherited)",
					"@executable_path/../Frameworks",
				);
				MACOSX_DEPLOYMENT_TARGET = 11.0;
				MARKETING_VERSION = "Alpha 1.12.0";
				PRODUCT_BUNDLE_IDENTIFIER = au.bartreardon.dialog;
				PRODUCT_NAME = "$(TARGET_NAME)";
				SWIFT_VERSION = 5.0;
			};
			name = Debug;
		};
		4154C30225F76BDC00A3D373 /* Release */ = {
			isa = XCBuildConfiguration;
			buildSettings = {
				ASSETCATALOG_COMPILER_APPICON_NAME = AppIcon;
				ASSETCATALOG_COMPILER_GLOBAL_ACCENT_COLOR_NAME = AccentColor;
				CODE_SIGN_ENTITLEMENTS = dialog/dialog.entitlements;
				CODE_SIGN_IDENTITY = "Apple Development";
				CODE_SIGN_STYLE = Automatic;
				COMBINE_HIDPI_IMAGES = YES;
				CURRENT_PROJECT_VERSION = 1;
				DEVELOPMENT_ASSET_PATHS = "\"dialog/Preview Content\"";
				DEVELOPMENT_TEAM = PWA5E9TQ59;
				ENABLE_HARDENED_RUNTIME = YES;
				ENABLE_PREVIEWS = YES;
				INFOPLIST_FILE = dialog/Info.plist;
				LD_RUNPATH_SEARCH_PATHS = (
					"$(inherited)",
					"@executable_path/../Frameworks",
				);
				MACOSX_DEPLOYMENT_TARGET = 11.0;
				MARKETING_VERSION = "Alpha 1.12.0";
				PRODUCT_BUNDLE_IDENTIFIER = au.bartreardon.dialog;
				PRODUCT_NAME = "$(TARGET_NAME)";
				SWIFT_VERSION = 5.0;
			};
			name = Release;
		};
		4154C30425F76BDC00A3D373 /* Debug */ = {
			isa = XCBuildConfiguration;
			buildSettings = {
				ALWAYS_EMBED_SWIFT_STANDARD_LIBRARIES = YES;
				BUNDLE_LOADER = "$(TEST_HOST)";
				CODE_SIGN_STYLE = Automatic;
				COMBINE_HIDPI_IMAGES = YES;
				INFOPLIST_FILE = dialogTests/Info.plist;
				LD_RUNPATH_SEARCH_PATHS = (
					"$(inherited)",
					"@executable_path/../Frameworks",
					"@loader_path/../Frameworks",
				);
				MACOSX_DEPLOYMENT_TARGET = 11.0;
				PRODUCT_BUNDLE_IDENTIFIER = au.bartreardon.dialogTests;
				PRODUCT_NAME = "$(TARGET_NAME)";
				SWIFT_VERSION = 5.0;
				TEST_HOST = "$(BUILT_PRODUCTS_DIR)/dialog.app/Contents/MacOS/dialog";
			};
			name = Debug;
		};
		4154C30525F76BDC00A3D373 /* Release */ = {
			isa = XCBuildConfiguration;
			buildSettings = {
				ALWAYS_EMBED_SWIFT_STANDARD_LIBRARIES = YES;
				BUNDLE_LOADER = "$(TEST_HOST)";
				CODE_SIGN_STYLE = Automatic;
				COMBINE_HIDPI_IMAGES = YES;
				INFOPLIST_FILE = dialogTests/Info.plist;
				LD_RUNPATH_SEARCH_PATHS = (
					"$(inherited)",
					"@executable_path/../Frameworks",
					"@loader_path/../Frameworks",
				);
				MACOSX_DEPLOYMENT_TARGET = 11.0;
				PRODUCT_BUNDLE_IDENTIFIER = au.bartreardon.dialogTests;
				PRODUCT_NAME = "$(TARGET_NAME)";
				SWIFT_VERSION = 5.0;
				TEST_HOST = "$(BUILT_PRODUCTS_DIR)/dialog.app/Contents/MacOS/dialog";
			};
			name = Release;
		};
		4154C30725F76BDC00A3D373 /* Debug */ = {
			isa = XCBuildConfiguration;
			buildSettings = {
				ALWAYS_EMBED_SWIFT_STANDARD_LIBRARIES = YES;
				CODE_SIGN_STYLE = Automatic;
				COMBINE_HIDPI_IMAGES = YES;
				INFOPLIST_FILE = dialogUITests/Info.plist;
				LD_RUNPATH_SEARCH_PATHS = (
					"$(inherited)",
					"@executable_path/../Frameworks",
					"@loader_path/../Frameworks",
				);
				PRODUCT_BUNDLE_IDENTIFIER = au.bartreardon.dialogUITests;
				PRODUCT_NAME = "$(TARGET_NAME)";
				SWIFT_VERSION = 5.0;
				TEST_TARGET_NAME = dialog;
			};
			name = Debug;
		};
		4154C30825F76BDC00A3D373 /* Release */ = {
			isa = XCBuildConfiguration;
			buildSettings = {
				ALWAYS_EMBED_SWIFT_STANDARD_LIBRARIES = YES;
				CODE_SIGN_STYLE = Automatic;
				COMBINE_HIDPI_IMAGES = YES;
				INFOPLIST_FILE = dialogUITests/Info.plist;
				LD_RUNPATH_SEARCH_PATHS = (
					"$(inherited)",
					"@executable_path/../Frameworks",
					"@loader_path/../Frameworks",
				);
				PRODUCT_BUNDLE_IDENTIFIER = au.bartreardon.dialogUITests;
				PRODUCT_NAME = "$(TARGET_NAME)";
				SWIFT_VERSION = 5.0;
				TEST_TARGET_NAME = dialog;
			};
			name = Release;
		};
		41FB6484268070CF00A54C3E /* Debug */ = {
			isa = XCBuildConfiguration;
			buildSettings = {
				CODE_SIGN_IDENTITY = "Apple Development";
				CODE_SIGN_STYLE = Automatic;
				DEVELOPMENT_TEAM = N8GJ2Y5Z9T;
				ENABLE_HARDENED_RUNTIME = YES;
				INFOPLIST_FILE = "$(SRCROOT)/dialog/Info.plist";
				MACOSX_DEPLOYMENT_TARGET = 11.0;
				MARKETING_VERSION = "Alpha 1.12.0";
				PRODUCT_BUNDLE_IDENTIFIER = au.bartreardon.dialogcli;
				PRODUCT_NAME = "$(TARGET_NAME)";
				PROVISIONING_PROFILE_SPECIFIER = "";
				SWIFT_VERSION = 5.0;
			};
			name = Debug;
		};
		41FB6485268070CF00A54C3E /* Release */ = {
			isa = XCBuildConfiguration;
			buildSettings = {
				CODE_SIGN_IDENTITY = "Apple Development";
				CODE_SIGN_STYLE = Automatic;
				DEVELOPMENT_TEAM = N8GJ2Y5Z9T;
				ENABLE_HARDENED_RUNTIME = YES;
				INFOPLIST_FILE = "$(SRCROOT)/dialog/Info.plist";
				MACOSX_DEPLOYMENT_TARGET = 11.0;
				MARKETING_VERSION = "Alpha 1.12.0";
				PRODUCT_BUNDLE_IDENTIFIER = au.bartreardon.dialogcli;
				PRODUCT_NAME = "$(TARGET_NAME)";
				PROVISIONING_PROFILE_SPECIFIER = "";
				SWIFT_VERSION = 5.0;
			};
			name = Release;
		};
/* End XCBuildConfiguration section */

/* Begin XCConfigurationList section */
		4154C2D525F76BDB00A3D373 /* Build configuration list for PBXProject "dialog" */ = {
			isa = XCConfigurationList;
			buildConfigurations = (
				4154C2FE25F76BDC00A3D373 /* Debug */,
				4154C2FF25F76BDC00A3D373 /* Release */,
			);
			defaultConfigurationIsVisible = 0;
			defaultConfigurationName = Release;
		};
		4154C30025F76BDC00A3D373 /* Build configuration list for PBXNativeTarget "Dialog" */ = {
			isa = XCConfigurationList;
			buildConfigurations = (
				4154C30125F76BDC00A3D373 /* Debug */,
				4154C30225F76BDC00A3D373 /* Release */,
			);
			defaultConfigurationIsVisible = 0;
			defaultConfigurationName = Release;
		};
		4154C30325F76BDC00A3D373 /* Build configuration list for PBXNativeTarget "dialogTests" */ = {
			isa = XCConfigurationList;
			buildConfigurations = (
				4154C30425F76BDC00A3D373 /* Debug */,
				4154C30525F76BDC00A3D373 /* Release */,
			);
			defaultConfigurationIsVisible = 0;
			defaultConfigurationName = Release;
		};
		4154C30625F76BDC00A3D373 /* Build configuration list for PBXNativeTarget "dialogUITests" */ = {
			isa = XCConfigurationList;
			buildConfigurations = (
				4154C30725F76BDC00A3D373 /* Debug */,
				4154C30825F76BDC00A3D373 /* Release */,
			);
			defaultConfigurationIsVisible = 0;
			defaultConfigurationName = Release;
		};
		41FB6486268070CF00A54C3E /* Build configuration list for PBXNativeTarget "dialogcli" */ = {
			isa = XCConfigurationList;
			buildConfigurations = (
				41FB6484268070CF00A54C3E /* Debug */,
				41FB6485268070CF00A54C3E /* Release */,
			);
			defaultConfigurationIsVisible = 0;
			defaultConfigurationName = Release;
		};
/* End XCConfigurationList section */

/* Begin XCRemoteSwiftPackageReference section */
		414CBAE9278913BA00A1A980 /* XCRemoteSwiftPackageReference "SwiftyJSON" */ = {
			isa = XCRemoteSwiftPackageReference;
			repositoryURL = "https://github.com/SwiftyJSON/SwiftyJSON.git";
			requirement = {
				kind = upToNextMajorVersion;
				minimumVersion = 5.0.0;
			};
		};
		41E4BC9526AEDB130042A0A3 /* XCRemoteSwiftPackageReference "MarkdownUI" */ = {
			isa = XCRemoteSwiftPackageReference;
			repositoryURL = "https://github.com/gonzalezreal/MarkdownUI";
			requirement = {
				kind = upToNextMinorVersion;
				minimumVersion = 1.1.0;
			};
		};
/* End XCRemoteSwiftPackageReference section */

/* Begin XCSwiftPackageProductDependency section */
		41005AA827CEF81A0065F323 /* SwiftyJSON */ = {
			isa = XCSwiftPackageProductDependency;
			package = 414CBAE9278913BA00A1A980 /* XCRemoteSwiftPackageReference "SwiftyJSON" */;
			productName = SwiftyJSON;
		};
		414550AC27C79BAB00D756E3 /* SwiftyJSON */ = {
			isa = XCSwiftPackageProductDependency;
			package = 414CBAE9278913BA00A1A980 /* XCRemoteSwiftPackageReference "SwiftyJSON" */;
			productName = SwiftyJSON;
		};
		418A7B5A275994AD00E4D6F1 /* MarkdownUI */ = {
			isa = XCSwiftPackageProductDependency;
			package = 41E4BC9526AEDB130042A0A3 /* XCRemoteSwiftPackageReference "MarkdownUI" */;
			productName = MarkdownUI;
		};
		418A7B5C275994BB00E4D6F1 /* MarkdownUI */ = {
			isa = XCSwiftPackageProductDependency;
			package = 41E4BC9526AEDB130042A0A3 /* XCRemoteSwiftPackageReference "MarkdownUI" */;
			productName = MarkdownUI;
		};
		418A7B5E2759954400E4D6F1 /* MarkdownUI */ = {
			isa = XCSwiftPackageProductDependency;
			package = 41E4BC9526AEDB130042A0A3 /* XCRemoteSwiftPackageReference "MarkdownUI" */;
			productName = MarkdownUI;
		};
		41E4BC9626AEDB130042A0A3 /* MarkdownUI */ = {
			isa = XCSwiftPackageProductDependency;
			package = 41E4BC9526AEDB130042A0A3 /* XCRemoteSwiftPackageReference "MarkdownUI" */;
			productName = MarkdownUI;
		};
/* End XCSwiftPackageProductDependency section */
	};
	rootObject = 4154C2D225F76BDB00A3D373 /* Project object */;
}
