// !$*UTF8*$!
{
	archiveVersion = 1;
	classes = {
	};
	objectVersion = 54;
	objects = {

/* Begin PBXBuildFile section */
		41005AA927CEF81A0065F323 /* SwiftyJSON in Frameworks */ = {isa = PBXBuildFile; productRef = 41005AA827CEF81A0065F323 /* SwiftyJSON */; };
		41005AAA27CEF8250065F323 /* AVKit.framework in Frameworks */ = {isa = PBXBuildFile; fileRef = 4114E1E827153FEE00388274 /* AVKit.framework */; };
		41110A2825F9E79E008171D2 /* License.swift in Sources */ = {isa = PBXBuildFile; fileRef = 41110A2725F9E79E008171D2 /* License.swift */; };
		4116922C28939B4500A88700 /* CKBasicsView.swift in Sources */ = {isa = PBXBuildFile; fileRef = 4116922B28939B4500A88700 /* CKBasicsView.swift */; };
		4116922F28939C2A00A88700 /* CKWindowProperties.swift in Sources */ = {isa = PBXBuildFile; fileRef = 4116922E28939C2A00A88700 /* CKWindowProperties.swift */; };
		4116923228939DEB00A88700 /* CKSidebarView.swift in Sources */ = {isa = PBXBuildFile; fileRef = 4116923128939DEB00A88700 /* CKSidebarView.swift */; };
		4116923528939E4D00A88700 /* CKButtonView.swift in Sources */ = {isa = PBXBuildFile; fileRef = 4116923428939E4D00A88700 /* CKButtonView.swift */; };
		411692382893A21500A88700 /* CKImageView.swift in Sources */ = {isa = PBXBuildFile; fileRef = 411692372893A21500A88700 /* CKImageView.swift */; };
		4116923B2893A22300A88700 /* CKListView.swift in Sources */ = {isa = PBXBuildFile; fileRef = 4116923A2893A22300A88700 /* CKListView.swift */; };
		4116923E2893A24300A88700 /* CKDataEntryView.swift in Sources */ = {isa = PBXBuildFile; fileRef = 4116923D2893A24300A88700 /* CKDataEntryView.swift */; };
		411FC34628E2DDFD003EA2C2 /* Notifications.swift in Sources */ = {isa = PBXBuildFile; fileRef = 411FC34528E2DDFD003EA2C2 /* Notifications.swift */; };
		4124EFD229455861003B00F4 /* HelpView.swift in Sources */ = {isa = PBXBuildFile; fileRef = 4124EFD129455861003B00F4 /* HelpView.swift */; };
		412B26AF289CE02100493EFF /* MiniView.swift in Sources */ = {isa = PBXBuildFile; fileRef = 412B26AE289CE02100493EFF /* MiniView.swift */; };
		414550AA27C799D000D756E3 /* BackgroundBlur.swift in Sources */ = {isa = PBXBuildFile; fileRef = 414550A927C799D000D756E3 /* BackgroundBlur.swift */; };
		41512CC2286C77F200F22B86 /* ConstructionKitView.swift in Sources */ = {isa = PBXBuildFile; fileRef = 41512CC1286C77F200F22B86 /* ConstructionKitView.swift */; };
		4153784E2604B71800AA0E76 /* TitleView.swift in Sources */ = {isa = PBXBuildFile; fileRef = 4153784D2604B71800AA0E76 /* TitleView.swift */; };
		4153785E2604B81300AA0E76 /* IconView.swift in Sources */ = {isa = PBXBuildFile; fileRef = 4153785D2604B81300AA0E76 /* IconView.swift */; };
		4153786C2604BF1A00AA0E76 /* MessageContentView.swift in Sources */ = {isa = PBXBuildFile; fileRef = 4153786B2604BF1A00AA0E76 /* MessageContentView.swift */; };
		4154C2DE25F76BDB00A3D373 /* dialogApp.swift in Sources */ = {isa = PBXBuildFile; fileRef = 4154C2DD25F76BDB00A3D373 /* dialogApp.swift */; };
		4154C2E025F76BDB00A3D373 /* ContentView.swift in Sources */ = {isa = PBXBuildFile; fileRef = 4154C2DF25F76BDB00A3D373 /* ContentView.swift */; };
		4154C2E225F76BDC00A3D373 /* Assets.xcassets in Resources */ = {isa = PBXBuildFile; fileRef = 4154C2E125F76BDC00A3D373 /* Assets.xcassets */; };
		4154C2E525F76BDC00A3D373 /* Preview Assets.xcassets in Resources */ = {isa = PBXBuildFile; fileRef = 4154C2E425F76BDC00A3D373 /* Preview Assets.xcassets */; };
		4154C2F125F76BDC00A3D373 /* dialogTests.swift in Sources */ = {isa = PBXBuildFile; fileRef = 4154C2F025F76BDC00A3D373 /* dialogTests.swift */; };
		4154C2FC25F76BDC00A3D373 /* dialogUITests.swift in Sources */ = {isa = PBXBuildFile; fileRef = 4154C2FB25F76BDC00A3D373 /* dialogUITests.swift */; };
		415E1FCB27A2B0A000DE971B /* ListView.swift in Sources */ = {isa = PBXBuildFile; fileRef = 415E1FC927A2694B00DE971B /* ListView.swift */; };
		416DED42261C5FE00049B6B5 /* FullscreenView.swift in Sources */ = {isa = PBXBuildFile; fileRef = 416DED41261C5FE00049B6B5 /* FullscreenView.swift */; };
		417BD4362798FE48009AE34A /* DialogUpdatableContent.swift in Sources */ = {isa = PBXBuildFile; fileRef = 417BD4342798FE38009AE34A /* DialogUpdatableContent.swift */; };
		417BD43827992EDB009AE34A /* TaskProgressView.swift in Sources */ = {isa = PBXBuildFile; fileRef = 417BD43727992EDB009AE34A /* TaskProgressView.swift */; };
		417BD471279CB658009AE34A /* CheckboxView.swift in Sources */ = {isa = PBXBuildFile; fileRef = 417BD470279CB658009AE34A /* CheckboxView.swift */; };
		417BF0BB260F1726009AD252 /* BannerImageView.swift in Sources */ = {isa = PBXBuildFile; fileRef = 417BF0BA260F1726009AD252 /* BannerImageView.swift */; };
		41832B6E2843143C0062AA1F /* ErrorView.swift in Sources */ = {isa = PBXBuildFile; fileRef = 41832B6D2843143C0062AA1F /* ErrorView.swift */; };
		41832B7228436B430062AA1F /* Localizable.strings in Resources */ = {isa = PBXBuildFile; fileRef = 41832B7428436B430062AA1F /* Localizable.strings */; };
		41876684275D88D60023A6A1 /* ImageSlider.swift in Sources */ = {isa = PBXBuildFile; fileRef = 41876682275D87C70023A6A1 /* ImageSlider.swift */; };
		418A7B512759949A00E4D6F1 /* VideoView.swift in Sources */ = {isa = PBXBuildFile; fileRef = 4114E1EA27154B2200388274 /* VideoView.swift */; };
		418A7B522759949A00E4D6F1 /* WatermarkView.swift in Sources */ = {isa = PBXBuildFile; fileRef = 41A44EAF26F2F25200FEE1AC /* WatermarkView.swift */; };
		418A7B532759949A00E4D6F1 /* TextEntryView.swift in Sources */ = {isa = PBXBuildFile; fileRef = 41AD75B526AA81760023EBD8 /* TextEntryView.swift */; };
		418A7B542759949A00E4D6F1 /* TimerView.swift in Sources */ = {isa = PBXBuildFile; fileRef = 41FD45FD26C40366006976FC /* TimerView.swift */; };
		418A7B552759949B00E4D6F1 /* ImageView.swift in Sources */ = {isa = PBXBuildFile; fileRef = 41FD45FF26C8DC5D006976FC /* ImageView.swift */; };
		418A7B562759949B00E4D6F1 /* jamfHelper.swift in Sources */ = {isa = PBXBuildFile; fileRef = 41D6FE8426DB11BA0083BE61 /* jamfHelper.swift */; };
		418A7B572759949B00E4D6F1 /* ProcessCLOptions.swift in Sources */ = {isa = PBXBuildFile; fileRef = 415934D726DB1B44009C9C3A /* ProcessCLOptions.swift */; };
		418A7B582759949B00E4D6F1 /* NSWindow+Additions.swift in Sources */ = {isa = PBXBuildFile; fileRef = 415934D926DB7604009C9C3A /* NSWindow+Additions.swift */; };
		418A7B592759949B00E4D6F1 /* HelpText.swift in Sources */ = {isa = PBXBuildFile; fileRef = 41A44EB126F4C43A00FEE1AC /* HelpText.swift */; };
		418A7B5D275994BB00E4D6F1 /* MarkdownUI in Frameworks */ = {isa = PBXBuildFile; productRef = 418A7B5C275994BB00E4D6F1 /* MarkdownUI */; };
		418AE4232667A17A001E3423 /* DropdownView.swift in Sources */ = {isa = PBXBuildFile; fileRef = 418AE4222667A17A001E3423 /* DropdownView.swift */; };
		41A5A6A428E5468100BD3D5E /* WebViewKit in Frameworks */ = {isa = PBXBuildFile; productRef = 41A5A6A328E5468100BD3D5E /* WebViewKit */; };
		41A5A6A628E546A000BD3D5E /* WebContentView.swift in Sources */ = {isa = PBXBuildFile; fileRef = 41A5A6A528E546A000BD3D5E /* WebContentView.swift */; };
		41A5A6A928E66D0C00BD3D5E /* CKMediaView.swift in Sources */ = {isa = PBXBuildFile; fileRef = 41A5A6A828E66D0C00BD3D5E /* CKMediaView.swift */; };
		41A679D32962494B000BFFCE /* InfoBoxView.swift in Sources */ = {isa = PBXBuildFile; fileRef = 41A679D22962494B000BFFCE /* InfoBoxView.swift */; };
		41D81E5725F7929800D1F7E1 /* DialogView.swift in Sources */ = {isa = PBXBuildFile; fileRef = 41D81E5625F7929800D1F7E1 /* DialogView.swift */; };
		41D81E5C25F817BF00D1F7E1 /* ButtonView.swift in Sources */ = {isa = PBXBuildFile; fileRef = 41D81E5B25F817BF00D1F7E1 /* ButtonView.swift */; };
		41D81E6C25F8209F00D1F7E1 /* CLOptions.swift in Sources */ = {isa = PBXBuildFile; fileRef = 41D81E6B25F8209F00D1F7E1 /* CLOptions.swift */; };
		41D81E7125F845D200D1F7E1 /* AppState.swift in Sources */ = {isa = PBXBuildFile; fileRef = 41D81E7025F845D200D1F7E1 /* AppState.swift */; };
		41D81E7925F870A500D1F7E1 /* System.swift in Sources */ = {isa = PBXBuildFile; fileRef = 41D81E7825F870A500D1F7E1 /* System.swift */; };
		94072E492AFE931300B2A5C3 /* Font+Additions.swift in Sources */ = {isa = PBXBuildFile; fileRef = 94072E482AFE931300B2A5C3 /* Font+Additions.swift */; };
		CC21904B2A7B994A00269525 /* Preferences.swift in Sources */ = {isa = PBXBuildFile; fileRef = CC21904A2A7B994A00269525 /* Preferences.swift */; };
		CC21904E2A7BC3E000269525 /* Strings.swift in Sources */ = {isa = PBXBuildFile; fileRef = CC21904D2A7BC3E000269525 /* Strings.swift */; };
		CC2190502A7BC9FE00269525 /* Log.swift in Sources */ = {isa = PBXBuildFile; fileRef = CC21904F2A7BC9FE00269525 /* Log.swift */; };
		CC2190522A7BCC3A00269525 /* Images.swift in Sources */ = {isa = PBXBuildFile; fileRef = CC2190512A7BCC3A00269525 /* Images.swift */; };
		CC2190552A7BCD5600269525 /* Colour+Additions.swift in Sources */ = {isa = PBXBuildFile; fileRef = CC2190542A7BCD5600269525 /* Colour+Additions.swift */; };
		CC2190572A7BCDA800269525 /* String+Additions.swift in Sources */ = {isa = PBXBuildFile; fileRef = CC2190562A7BCDA800269525 /* String+Additions.swift */; };
		CC2190592A7BCDDD00269525 /* View+Additions.swift in Sources */ = {isa = PBXBuildFile; fileRef = CC2190582A7BCDDD00269525 /* View+Additions.swift */; };
		CC21905D2A7BD7D300269525 /* AppVariables.swift in Sources */ = {isa = PBXBuildFile; fileRef = CC21905C2A7BD7D300269525 /* AppVariables.swift */; };
		CC21905F2A7BD7F200269525 /* CommandLineArguments.swift in Sources */ = {isa = PBXBuildFile; fileRef = CC21905E2A7BD7F200269525 /* CommandLineArguments.swift */; };
		CC7D43CF2B972976004B9E65 /* PresentationView.swift in Sources */ = {isa = PBXBuildFile; fileRef = CC7D43CE2B972976004B9E65 /* PresentationView.swift */; };
		CC7D44082B9C6FB5004B9E65 /* ImageFader.swift in Sources */ = {isa = PBXBuildFile; fileRef = CC7D44072B9C6FB5004B9E65 /* ImageFader.swift */; };
		CC8D96302A01CCAB00CC84C6 /* Theme+sdMarkdown.swift in Sources */ = {isa = PBXBuildFile; fileRef = CC8D962F2A01CCAB00CC84C6 /* Theme+sdMarkdown.swift */; };
		CC9F8FEF2A5EC76400802A88 /* ImageProcessing.swift in Sources */ = {isa = PBXBuildFile; fileRef = CC9F8FEE2A5EC76400802A88 /* ImageProcessing.swift */; };
		CCB334702B2320F20079FB83 /* SolidColourView.swift in Sources */ = {isa = PBXBuildFile; fileRef = CCB3346F2B2320F20079FB83 /* SolidColourView.swift */; };
		CCB35CB42BCFF4460041A701 /* SystemInfo.swift in Sources */ = {isa = PBXBuildFile; fileRef = CCB35CB32BCFF4460041A701 /* SystemInfo.swift */; };
		CCD8ACEC2A011C9500D98695 /* RadioView.swift in Sources */ = {isa = PBXBuildFile; fileRef = CCD8ACEB2A011C9500D98695 /* RadioView.swift */; };
		CCE934AD2ACC29F60094BD06 /* TextFileView.swift in Sources */ = {isa = PBXBuildFile; fileRef = CCE934AC2ACC29F60094BD06 /* TextFileView.swift */; };
		CCF4305A2C07562D004DFB4D /* DebugOverlay.swift in Sources */ = {isa = PBXBuildFile; fileRef = CCF430592C07562D004DFB4D /* DebugOverlay.swift */; };
/* End PBXBuildFile section */

/* Begin PBXContainerItemProxy section */
		4154C2ED25F76BDC00A3D373 /* PBXContainerItemProxy */ = {
			isa = PBXContainerItemProxy;
			containerPortal = 4154C2D225F76BDB00A3D373 /* Project object */;
			proxyType = 1;
			remoteGlobalIDString = 4154C2D925F76BDB00A3D373;
			remoteInfo = dialog;
		};
		4154C2F825F76BDC00A3D373 /* PBXContainerItemProxy */ = {
			isa = PBXContainerItemProxy;
			containerPortal = 4154C2D225F76BDB00A3D373 /* Project object */;
			proxyType = 1;
			remoteGlobalIDString = 4154C2D925F76BDB00A3D373;
			remoteInfo = dialog;
		};
/* End PBXContainerItemProxy section */

/* Begin PBXFileReference section */
		41110A2725F9E79E008171D2 /* License.swift */ = {isa = PBXFileReference; lastKnownFileType = sourcecode.swift; path = License.swift; sourceTree = "<group>"; };
		4114E1E827153FEE00388274 /* AVKit.framework */ = {isa = PBXFileReference; lastKnownFileType = wrapper.framework; name = AVKit.framework; path = System/Library/Frameworks/AVKit.framework; sourceTree = SDKROOT; };
		4114E1EA27154B2200388274 /* VideoView.swift */ = {isa = PBXFileReference; lastKnownFileType = sourcecode.swift; path = VideoView.swift; sourceTree = "<group>"; };
		4116922B28939B4500A88700 /* CKBasicsView.swift */ = {isa = PBXFileReference; lastKnownFileType = sourcecode.swift; path = CKBasicsView.swift; sourceTree = "<group>"; };
		4116922E28939C2A00A88700 /* CKWindowProperties.swift */ = {isa = PBXFileReference; lastKnownFileType = sourcecode.swift; path = CKWindowProperties.swift; sourceTree = "<group>"; };
		4116923128939DEB00A88700 /* CKSidebarView.swift */ = {isa = PBXFileReference; lastKnownFileType = sourcecode.swift; path = CKSidebarView.swift; sourceTree = "<group>"; };
		4116923428939E4D00A88700 /* CKButtonView.swift */ = {isa = PBXFileReference; lastKnownFileType = sourcecode.swift; path = CKButtonView.swift; sourceTree = "<group>"; };
		411692372893A21500A88700 /* CKImageView.swift */ = {isa = PBXFileReference; lastKnownFileType = sourcecode.swift; path = CKImageView.swift; sourceTree = "<group>"; };
		4116923A2893A22300A88700 /* CKListView.swift */ = {isa = PBXFileReference; lastKnownFileType = sourcecode.swift; path = CKListView.swift; sourceTree = "<group>"; };
		4116923D2893A24300A88700 /* CKDataEntryView.swift */ = {isa = PBXFileReference; lastKnownFileType = sourcecode.swift; path = CKDataEntryView.swift; sourceTree = "<group>"; };
		411FC34528E2DDFD003EA2C2 /* Notifications.swift */ = {isa = PBXFileReference; lastKnownFileType = sourcecode.swift; name = Notifications.swift; path = dialog/Functions/Notifications.swift; sourceTree = SOURCE_ROOT; };
		4124EFD129455861003B00F4 /* HelpView.swift */ = {isa = PBXFileReference; lastKnownFileType = sourcecode.swift; path = HelpView.swift; sourceTree = "<group>"; };
		412B26AE289CE02100493EFF /* MiniView.swift */ = {isa = PBXFileReference; lastKnownFileType = sourcecode.swift; path = MiniView.swift; sourceTree = "<group>"; };
		414550A927C799D000D756E3 /* BackgroundBlur.swift */ = {isa = PBXFileReference; fileEncoding = 4; lastKnownFileType = sourcecode.swift; path = BackgroundBlur.swift; sourceTree = "<group>"; };
		41512CC1286C77F200F22B86 /* ConstructionKitView.swift */ = {isa = PBXFileReference; lastKnownFileType = sourcecode.swift; path = ConstructionKitView.swift; sourceTree = "<group>"; };
		4153784D2604B71800AA0E76 /* TitleView.swift */ = {isa = PBXFileReference; lastKnownFileType = sourcecode.swift; path = TitleView.swift; sourceTree = "<group>"; };
		4153785D2604B81300AA0E76 /* IconView.swift */ = {isa = PBXFileReference; lastKnownFileType = sourcecode.swift; path = IconView.swift; sourceTree = "<group>"; };
		4153786B2604BF1A00AA0E76 /* MessageContentView.swift */ = {isa = PBXFileReference; lastKnownFileType = sourcecode.swift; path = MessageContentView.swift; sourceTree = "<group>"; };
		4154C2DA25F76BDB00A3D373 /* Dialog.app */ = {isa = PBXFileReference; explicitFileType = wrapper.application; includeInIndex = 0; path = Dialog.app; sourceTree = BUILT_PRODUCTS_DIR; };
		4154C2DD25F76BDB00A3D373 /* dialogApp.swift */ = {isa = PBXFileReference; lastKnownFileType = sourcecode.swift; path = dialogApp.swift; sourceTree = "<group>"; };
		4154C2DF25F76BDB00A3D373 /* ContentView.swift */ = {isa = PBXFileReference; lastKnownFileType = sourcecode.swift; path = ContentView.swift; sourceTree = "<group>"; };
		4154C2E125F76BDC00A3D373 /* Assets.xcassets */ = {isa = PBXFileReference; lastKnownFileType = folder.assetcatalog; path = Assets.xcassets; sourceTree = "<group>"; };
		4154C2E425F76BDC00A3D373 /* Preview Assets.xcassets */ = {isa = PBXFileReference; lastKnownFileType = folder.assetcatalog; path = "Preview Assets.xcassets"; sourceTree = "<group>"; };
		4154C2E625F76BDC00A3D373 /* Info.plist */ = {isa = PBXFileReference; lastKnownFileType = text.plist.xml; path = Info.plist; sourceTree = "<group>"; };
		4154C2E725F76BDC00A3D373 /* dialog.entitlements */ = {isa = PBXFileReference; lastKnownFileType = text.plist.entitlements; path = dialog.entitlements; sourceTree = "<group>"; };
		4154C2EC25F76BDC00A3D373 /* dialogTests.xctest */ = {isa = PBXFileReference; explicitFileType = wrapper.cfbundle; includeInIndex = 0; path = dialogTests.xctest; sourceTree = BUILT_PRODUCTS_DIR; };
		4154C2F025F76BDC00A3D373 /* dialogTests.swift */ = {isa = PBXFileReference; lastKnownFileType = sourcecode.swift; path = dialogTests.swift; sourceTree = "<group>"; };
		4154C2F225F76BDC00A3D373 /* Info.plist */ = {isa = PBXFileReference; lastKnownFileType = text.plist.xml; path = Info.plist; sourceTree = "<group>"; };
		4154C2F725F76BDC00A3D373 /* dialogUITests.xctest */ = {isa = PBXFileReference; explicitFileType = wrapper.cfbundle; includeInIndex = 0; path = dialogUITests.xctest; sourceTree = BUILT_PRODUCTS_DIR; };
		4154C2FB25F76BDC00A3D373 /* dialogUITests.swift */ = {isa = PBXFileReference; lastKnownFileType = sourcecode.swift; path = dialogUITests.swift; sourceTree = "<group>"; };
		4154C2FD25F76BDC00A3D373 /* Info.plist */ = {isa = PBXFileReference; lastKnownFileType = text.plist.xml; path = Info.plist; sourceTree = "<group>"; };
		4156C1CD29F69E27003F04DF /* postinstall */ = {isa = PBXFileReference; fileEncoding = 4; lastKnownFileType = text.script.sh; path = postinstall; sourceTree = "<group>"; };
		415934D726DB1B44009C9C3A /* ProcessCLOptions.swift */ = {isa = PBXFileReference; lastKnownFileType = sourcecode.swift; path = ProcessCLOptions.swift; sourceTree = "<group>"; };
		415934D926DB7604009C9C3A /* NSWindow+Additions.swift */ = {isa = PBXFileReference; lastKnownFileType = sourcecode.swift; path = "NSWindow+Additions.swift"; sourceTree = "<group>"; };
		415E1FC927A2694B00DE971B /* ListView.swift */ = {isa = PBXFileReference; lastKnownFileType = sourcecode.swift; path = ListView.swift; sourceTree = "<group>"; };
		416DED41261C5FE00049B6B5 /* FullscreenView.swift */ = {isa = PBXFileReference; lastKnownFileType = sourcecode.swift; path = FullscreenView.swift; sourceTree = "<group>"; };
		417BBA76297A161B00E13A45 /* dialog */ = {isa = PBXFileReference; fileEncoding = 4; lastKnownFileType = text.script.sh; path = dialog; sourceTree = "<group>"; };
		417BD4342798FE38009AE34A /* DialogUpdatableContent.swift */ = {isa = PBXFileReference; fileEncoding = 4; lastKnownFileType = sourcecode.swift; path = DialogUpdatableContent.swift; sourceTree = "<group>"; };
		417BD43727992EDB009AE34A /* TaskProgressView.swift */ = {isa = PBXFileReference; lastKnownFileType = sourcecode.swift; path = TaskProgressView.swift; sourceTree = "<group>"; };
		417BD470279CB658009AE34A /* CheckboxView.swift */ = {isa = PBXFileReference; lastKnownFileType = sourcecode.swift; path = CheckboxView.swift; sourceTree = "<group>"; };
		417BF0BA260F1726009AD252 /* BannerImageView.swift */ = {isa = PBXFileReference; lastKnownFileType = sourcecode.swift; path = BannerImageView.swift; sourceTree = "<group>"; };
		41832B6D2843143C0062AA1F /* ErrorView.swift */ = {isa = PBXFileReference; lastKnownFileType = sourcecode.swift; path = ErrorView.swift; sourceTree = "<group>"; };
		41832B7328436B430062AA1F /* en */ = {isa = PBXFileReference; lastKnownFileType = text.plist.strings; name = en; path = en.lproj/Localizable.strings; sourceTree = "<group>"; };
		41832B7528436B750062AA1F /* en-AU */ = {isa = PBXFileReference; lastKnownFileType = text.plist.strings; name = "en-AU"; path = "en-AU.lproj/Localizable.strings"; sourceTree = "<group>"; };
		41832B7628436BB40062AA1F /* fr */ = {isa = PBXFileReference; lastKnownFileType = text.plist.strings; name = fr; path = fr.lproj/Localizable.strings; sourceTree = "<group>"; };
		41832B782843968F0062AA1F /* de */ = {isa = PBXFileReference; lastKnownFileType = text.plist.strings; name = de; path = de.lproj/Localizable.strings; sourceTree = "<group>"; };
		41832B792843A3340062AA1F /* nl */ = {isa = PBXFileReference; lastKnownFileType = text.plist.strings; name = nl; path = nl.lproj/Localizable.strings; sourceTree = "<group>"; };
		41832B7A284436E50062AA1F /* da-DK */ = {isa = PBXFileReference; lastKnownFileType = text.plist.strings; name = "da-DK"; path = "da-DK.lproj/Localizable.strings"; sourceTree = "<group>"; };
		41876682275D87C70023A6A1 /* ImageSlider.swift */ = {isa = PBXFileReference; fileEncoding = 4; lastKnownFileType = sourcecode.swift; path = ImageSlider.swift; sourceTree = "<group>"; };
		418AE4222667A17A001E3423 /* DropdownView.swift */ = {isa = PBXFileReference; lastKnownFileType = sourcecode.swift; path = DropdownView.swift; sourceTree = "<group>"; };
		41A44EAF26F2F25200FEE1AC /* WatermarkView.swift */ = {isa = PBXFileReference; lastKnownFileType = sourcecode.swift; path = WatermarkView.swift; sourceTree = "<group>"; };
		41A44EB126F4C43A00FEE1AC /* HelpText.swift */ = {isa = PBXFileReference; lastKnownFileType = sourcecode.swift; path = HelpText.swift; sourceTree = "<group>"; };
		41A5A6A528E546A000BD3D5E /* WebContentView.swift */ = {isa = PBXFileReference; lastKnownFileType = sourcecode.swift; path = WebContentView.swift; sourceTree = "<group>"; };
		41A5A6A828E66D0C00BD3D5E /* CKMediaView.swift */ = {isa = PBXFileReference; lastKnownFileType = sourcecode.swift; path = CKMediaView.swift; sourceTree = "<group>"; };
		41A679D22962494B000BFFCE /* InfoBoxView.swift */ = {isa = PBXFileReference; lastKnownFileType = sourcecode.swift; path = InfoBoxView.swift; sourceTree = "<group>"; };
		41A679D5296275BB000BFFCE /* es */ = {isa = PBXFileReference; lastKnownFileType = text.plist.strings; name = es; path = es.lproj/Localizable.strings; sourceTree = "<group>"; };
		41A679D6296275CB000BFFCE /* fi */ = {isa = PBXFileReference; lastKnownFileType = text.plist.strings; name = fi; path = fi.lproj/Localizable.strings; sourceTree = "<group>"; };
		41AD75B526AA81760023EBD8 /* TextEntryView.swift */ = {isa = PBXFileReference; lastKnownFileType = sourcecode.swift; path = TextEntryView.swift; sourceTree = "<group>"; };
		41D6FE8426DB11BA0083BE61 /* jamfHelper.swift */ = {isa = PBXFileReference; lastKnownFileType = sourcecode.swift; path = jamfHelper.swift; sourceTree = "<group>"; };
		41D81E5625F7929800D1F7E1 /* DialogView.swift */ = {isa = PBXFileReference; lastKnownFileType = sourcecode.swift; path = DialogView.swift; sourceTree = "<group>"; };
		41D81E5B25F817BF00D1F7E1 /* ButtonView.swift */ = {isa = PBXFileReference; lastKnownFileType = sourcecode.swift; path = ButtonView.swift; sourceTree = "<group>"; };
		41D81E6B25F8209F00D1F7E1 /* CLOptions.swift */ = {isa = PBXFileReference; lastKnownFileType = sourcecode.swift; path = CLOptions.swift; sourceTree = "<group>"; };
		41D81E7025F845D200D1F7E1 /* AppState.swift */ = {isa = PBXFileReference; lastKnownFileType = sourcecode.swift; path = AppState.swift; sourceTree = "<group>"; };
		41D81E7825F870A500D1F7E1 /* System.swift */ = {isa = PBXFileReference; lastKnownFileType = sourcecode.swift; path = System.swift; sourceTree = "<group>"; };
		41FD45FD26C40366006976FC /* TimerView.swift */ = {isa = PBXFileReference; fileEncoding = 4; lastKnownFileType = sourcecode.swift; path = TimerView.swift; sourceTree = "<group>"; };
		41FD45FF26C8DC5D006976FC /* ImageView.swift */ = {isa = PBXFileReference; lastKnownFileType = sourcecode.swift; path = ImageView.swift; sourceTree = "<group>"; };
		94072E482AFE931300B2A5C3 /* Font+Additions.swift */ = {isa = PBXFileReference; lastKnownFileType = sourcecode.swift; path = "Font+Additions.swift"; sourceTree = "<group>"; };
		CC21904A2A7B994A00269525 /* Preferences.swift */ = {isa = PBXFileReference; lastKnownFileType = sourcecode.swift; path = Preferences.swift; sourceTree = "<group>"; };
		CC21904D2A7BC3E000269525 /* Strings.swift */ = {isa = PBXFileReference; lastKnownFileType = sourcecode.swift; path = Strings.swift; sourceTree = "<group>"; };
		CC21904F2A7BC9FE00269525 /* Log.swift */ = {isa = PBXFileReference; lastKnownFileType = sourcecode.swift; path = Log.swift; sourceTree = "<group>"; };
		CC2190512A7BCC3A00269525 /* Images.swift */ = {isa = PBXFileReference; lastKnownFileType = sourcecode.swift; path = Images.swift; sourceTree = "<group>"; };
		CC2190542A7BCD5600269525 /* Colour+Additions.swift */ = {isa = PBXFileReference; lastKnownFileType = sourcecode.swift; path = "Colour+Additions.swift"; sourceTree = "<group>"; };
		CC2190562A7BCDA800269525 /* String+Additions.swift */ = {isa = PBXFileReference; lastKnownFileType = sourcecode.swift; path = "String+Additions.swift"; sourceTree = "<group>"; };
		CC2190582A7BCDDD00269525 /* View+Additions.swift */ = {isa = PBXFileReference; lastKnownFileType = sourcecode.swift; path = "View+Additions.swift"; sourceTree = "<group>"; };
		CC21905C2A7BD7D300269525 /* AppVariables.swift */ = {isa = PBXFileReference; lastKnownFileType = sourcecode.swift; path = AppVariables.swift; sourceTree = "<group>"; };
		CC21905E2A7BD7F200269525 /* CommandLineArguments.swift */ = {isa = PBXFileReference; lastKnownFileType = sourcecode.swift; path = CommandLineArguments.swift; sourceTree = "<group>"; };
		CC2190622A7DCA1A00269525 /* preinstall */ = {isa = PBXFileReference; fileEncoding = 4; lastKnownFileType = text.script.sh; path = preinstall; sourceTree = "<group>"; };
		CC7D43CE2B972976004B9E65 /* PresentationView.swift */ = {isa = PBXFileReference; lastKnownFileType = sourcecode.swift; path = PresentationView.swift; sourceTree = "<group>"; };
		CC7D44072B9C6FB5004B9E65 /* ImageFader.swift */ = {isa = PBXFileReference; lastKnownFileType = sourcecode.swift; path = ImageFader.swift; sourceTree = "<group>"; };
		CC8D962F2A01CCAB00CC84C6 /* Theme+sdMarkdown.swift */ = {isa = PBXFileReference; lastKnownFileType = sourcecode.swift; path = "Theme+sdMarkdown.swift"; sourceTree = "<group>"; };
		CC9F8FEE2A5EC76400802A88 /* ImageProcessing.swift */ = {isa = PBXFileReference; lastKnownFileType = sourcecode.swift; path = ImageProcessing.swift; sourceTree = "<group>"; };
		CCB3346F2B2320F20079FB83 /* SolidColourView.swift */ = {isa = PBXFileReference; lastKnownFileType = sourcecode.swift; path = SolidColourView.swift; sourceTree = "<group>"; };
		CCB35CB32BCFF4460041A701 /* SystemInfo.swift */ = {isa = PBXFileReference; lastKnownFileType = sourcecode.swift; path = SystemInfo.swift; sourceTree = "<group>"; };
		CCD8ACEB2A011C9500D98695 /* RadioView.swift */ = {isa = PBXFileReference; lastKnownFileType = sourcecode.swift; path = RadioView.swift; sourceTree = "<group>"; };
		CCE934AC2ACC29F60094BD06 /* TextFileView.swift */ = {isa = PBXFileReference; lastKnownFileType = sourcecode.swift; path = TextFileView.swift; sourceTree = "<group>"; };
		CCF430592C07562D004DFB4D /* DebugOverlay.swift */ = {isa = PBXFileReference; lastKnownFileType = sourcecode.swift; path = DebugOverlay.swift; sourceTree = "<group>"; };
/* End PBXFileReference section */

/* Begin PBXFrameworksBuildPhase section */
		4154C2D725F76BDB00A3D373 /* Frameworks */ = {
			isa = PBXFrameworksBuildPhase;
			buildActionMask = 2147483647;
			files = (
				41005AAA27CEF8250065F323 /* AVKit.framework in Frameworks */,
				41005AA927CEF81A0065F323 /* SwiftyJSON in Frameworks */,
				418A7B5D275994BB00E4D6F1 /* MarkdownUI in Frameworks */,
				41A5A6A428E5468100BD3D5E /* WebViewKit in Frameworks */,
			);
			runOnlyForDeploymentPostprocessing = 0;
		};
		4154C2E925F76BDC00A3D373 /* Frameworks */ = {
			isa = PBXFrameworksBuildPhase;
			buildActionMask = 2147483647;
			files = (
			);
			runOnlyForDeploymentPostprocessing = 0;
		};
		4154C2F425F76BDC00A3D373 /* Frameworks */ = {
			isa = PBXFrameworksBuildPhase;
			buildActionMask = 2147483647;
			files = (
			);
			runOnlyForDeploymentPostprocessing = 0;
		};
/* End PBXFrameworksBuildPhase section */

/* Begin PBXGroup section */
		4114E1E727153FEE00388274 /* Frameworks */ = {
			isa = PBXGroup;
			children = (
				4114E1E827153FEE00388274 /* AVKit.framework */,
			);
			name = Frameworks;
			sourceTree = "<group>";
		};
		4116922A28939A6C00A88700 /* ConstructionKit */ = {
			isa = PBXGroup;
			children = (
				41512CC1286C77F200F22B86 /* ConstructionKitView.swift */,
				4116922B28939B4500A88700 /* CKBasicsView.swift */,
				4116922E28939C2A00A88700 /* CKWindowProperties.swift */,
				4116923128939DEB00A88700 /* CKSidebarView.swift */,
				4116923428939E4D00A88700 /* CKButtonView.swift */,
				411692372893A21500A88700 /* CKImageView.swift */,
				4116923A2893A22300A88700 /* CKListView.swift */,
				4116923D2893A24300A88700 /* CKDataEntryView.swift */,
				41A5A6A828E66D0C00BD3D5E /* CKMediaView.swift */,
			);
			path = ConstructionKit;
			sourceTree = "<group>";
		};
		4154C2D125F76BDB00A3D373 = {
			isa = PBXGroup;
			children = (
				4154C2DC25F76BDB00A3D373 /* dialog */,
				4154C2EF25F76BDC00A3D373 /* dialogTests */,
				4154C2FA25F76BDC00A3D373 /* dialogUITests */,
				41FB6481268070CF00A54C3E /* dialog */,
				4154C2DB25F76BDB00A3D373 /* Products */,
				4114E1E727153FEE00388274 /* Frameworks */,
			);
			indentWidth = 4;
			sourceTree = "<group>";
			tabWidth = 4;
			usesTabs = 0;
		};
		4154C2DB25F76BDB00A3D373 /* Products */ = {
			isa = PBXGroup;
			children = (
				4154C2DA25F76BDB00A3D373 /* Dialog.app */,
				4154C2EC25F76BDC00A3D373 /* dialogTests.xctest */,
				4154C2F725F76BDC00A3D373 /* dialogUITests.xctest */,
			);
			name = Products;
			sourceTree = "<group>";
		};
		4154C2DC25F76BDB00A3D373 /* dialog */ = {
			isa = PBXGroup;
			children = (
				417BBA6F297A15A600E13A45 /* Package */,
				CC2190532A7BCD3400269525 /* Extensions */,
				CC6538122B204DE700482768 /* Command Line */,
				CC21904C2A7BC3BC00269525 /* Functions */,
				CC21905A2A7BD47800269525 /* App Processing */,
				CC21905B2A7BD4C300269525 /* Updatable Content */,
				41C8259825F99AF90042DC50 /* Views */,
				4154C30C25F782E900A3D373 /* extras */,
				4154C2DD25F76BDB00A3D373 /* dialogApp.swift */,
				4154C2E125F76BDC00A3D373 /* Assets.xcassets */,
				4154C2E625F76BDC00A3D373 /* Info.plist */,
				4154C2E725F76BDC00A3D373 /* dialog.entitlements */,
				4154C2E325F76BDC00A3D373 /* Preview Content */,
			);
			path = dialog;
			sourceTree = "<group>";
		};
		4154C2E325F76BDC00A3D373 /* Preview Content */ = {
			isa = PBXGroup;
			children = (
				4154C2E425F76BDC00A3D373 /* Preview Assets.xcassets */,
			);
			path = "Preview Content";
			sourceTree = "<group>";
		};
		4154C2EF25F76BDC00A3D373 /* dialogTests */ = {
			isa = PBXGroup;
			children = (
				4154C2F025F76BDC00A3D373 /* dialogTests.swift */,
				4154C2F225F76BDC00A3D373 /* Info.plist */,
			);
			path = dialogTests;
			sourceTree = "<group>";
		};
		4154C2FA25F76BDC00A3D373 /* dialogUITests */ = {
			isa = PBXGroup;
			children = (
				4154C2FB25F76BDC00A3D373 /* dialogUITests.swift */,
				4154C2FD25F76BDC00A3D373 /* Info.plist */,
			);
			path = dialogUITests;
			sourceTree = "<group>";
		};
		4154C30C25F782E900A3D373 /* extras */ = {
			isa = PBXGroup;
			children = (
				CC2190602A7BDCB100269525 /* Localisations */,
				41110A2725F9E79E008171D2 /* License.swift */,
			);
			path = extras;
			sourceTree = "<group>";
		};
		4156C1CC29F69E27003F04DF /* Scripts */ = {
			isa = PBXGroup;
			children = (
				4156C1CD29F69E27003F04DF /* postinstall */,
				CC2190622A7DCA1A00269525 /* preinstall */,
			);
			path = Scripts;
			sourceTree = "<group>";
		};
		4156C1D129F69F4C003F04DF /* pkgroot */ = {
			isa = PBXGroup;
			children = (
				417BBA73297A161B00E13A45 /* usr */,
			);
			path = pkgroot;
			sourceTree = "<group>";
		};
		417BBA6F297A15A600E13A45 /* Package */ = {
			isa = PBXGroup;
			children = (
				4156C1D129F69F4C003F04DF /* pkgroot */,
				4156C1CC29F69E27003F04DF /* Scripts */,
			);
			path = Package;
			sourceTree = "<group>";
		};
		417BBA73297A161B00E13A45 /* usr */ = {
			isa = PBXGroup;
			children = (
				417BBA74297A161B00E13A45 /* local */,
			);
			path = usr;
			sourceTree = "<group>";
		};
		417BBA74297A161B00E13A45 /* local */ = {
			isa = PBXGroup;
			children = (
				417BBA75297A161B00E13A45 /* bin */,
			);
			path = local;
			sourceTree = "<group>";
		};
		417BBA75297A161B00E13A45 /* bin */ = {
			isa = PBXGroup;
			children = (
				417BBA76297A161B00E13A45 /* dialog */,
			);
			path = bin;
			sourceTree = "<group>";
		};
		41C8259825F99AF90042DC50 /* Views */ = {
			isa = PBXGroup;
			children = (
				4116922A28939A6C00A88700 /* ConstructionKit */,
				414550A927C799D000D756E3 /* BackgroundBlur.swift */,
				4154C2DF25F76BDB00A3D373 /* ContentView.swift */,
				4114E1EA27154B2200388274 /* VideoView.swift */,
				41A44EAF26F2F25200FEE1AC /* WatermarkView.swift */,
				41D81E5625F7929800D1F7E1 /* DialogView.swift */,
				41A679D22962494B000BFFCE /* InfoBoxView.swift */,
				4153786B2604BF1A00AA0E76 /* MessageContentView.swift */,
				4153785D2604B81300AA0E76 /* IconView.swift */,
				4153784D2604B71800AA0E76 /* TitleView.swift */,
				417BF0BA260F1726009AD252 /* BannerImageView.swift */,
				41D81E5B25F817BF00D1F7E1 /* ButtonView.swift */,
				418AE4222667A17A001E3423 /* DropdownView.swift */,
				CCD8ACEB2A011C9500D98695 /* RadioView.swift */,
				416DED41261C5FE00049B6B5 /* FullscreenView.swift */,
				41AD75B526AA81760023EBD8 /* TextEntryView.swift */,
				41FD45FD26C40366006976FC /* TimerView.swift */,
				41FD45FF26C8DC5D006976FC /* ImageView.swift */,
				41876682275D87C70023A6A1 /* ImageSlider.swift */,
				CC7D44072B9C6FB5004B9E65 /* ImageFader.swift */,
				417BD43727992EDB009AE34A /* TaskProgressView.swift */,
				417BD470279CB658009AE34A /* CheckboxView.swift */,
				415E1FC927A2694B00DE971B /* ListView.swift */,
				41832B6D2843143C0062AA1F /* ErrorView.swift */,
				412B26AE289CE02100493EFF /* MiniView.swift */,
				41A5A6A528E546A000BD3D5E /* WebContentView.swift */,
				4124EFD129455861003B00F4 /* HelpView.swift */,
				CCE934AC2ACC29F60094BD06 /* TextFileView.swift */,
				CCB3346F2B2320F20079FB83 /* SolidColourView.swift */,
				CC7D43CE2B972976004B9E65 /* PresentationView.swift */,
				CCF430592C07562D004DFB4D /* DebugOverlay.swift */,
			);
			path = Views;
			sourceTree = "<group>";
		};
		41FB6481268070CF00A54C3E /* dialog */ = {
			isa = PBXGroup;
			children = (
			);
			path = dialog;
			sourceTree = "<group>";
		};
		CC21904C2A7BC3BC00269525 /* Functions */ = {
			isa = PBXGroup;
			children = (
				CC21904D2A7BC3E000269525 /* Strings.swift */,
				CC21904F2A7BC9FE00269525 /* Log.swift */,
				CC2190512A7BCC3A00269525 /* Images.swift */,
				41D81E7825F870A500D1F7E1 /* System.swift */,
				CC21904A2A7B994A00269525 /* Preferences.swift */,
				411FC34528E2DDFD003EA2C2 /* Notifications.swift */,
				CCB35CB32BCFF4460041A701 /* SystemInfo.swift */,
			);
			path = Functions;
			sourceTree = "<group>";
		};
		CC2190532A7BCD3400269525 /* Extensions */ = {
			isa = PBXGroup;
			children = (
				CC2190542A7BCD5600269525 /* Colour+Additions.swift */,
				CC2190562A7BCDA800269525 /* String+Additions.swift */,
				CC2190582A7BCDDD00269525 /* View+Additions.swift */,
				CC8D962F2A01CCAB00CC84C6 /* Theme+sdMarkdown.swift */,
				415934D926DB7604009C9C3A /* NSWindow+Additions.swift */,
				94072E482AFE931300B2A5C3 /* Font+Additions.swift */,
			);
			path = Extensions;
			sourceTree = "<group>";
		};
		CC21905A2A7BD47800269525 /* App Processing */ = {
			isa = PBXGroup;
			children = (
				41D81E7025F845D200D1F7E1 /* AppState.swift */,
				CC21905C2A7BD7D300269525 /* AppVariables.swift */,
				CC9F8FEE2A5EC76400802A88 /* ImageProcessing.swift */,
				41D6FE8426DB11BA0083BE61 /* jamfHelper.swift */,
			);
			path = "App Processing";
			sourceTree = "<group>";
		};
		CC21905B2A7BD4C300269525 /* Updatable Content */ = {
			isa = PBXGroup;
			children = (
				417BD4342798FE38009AE34A /* DialogUpdatableContent.swift */,
			);
			path = "Updatable Content";
			sourceTree = "<group>";
		};
		CC2190602A7BDCB100269525 /* Localisations */ = {
			isa = PBXGroup;
			children = (
				41832B7428436B430062AA1F /* Localizable.strings */,
			);
			path = Localisations;
			sourceTree = "<group>";
		};
		CC6538122B204DE700482768 /* Command Line */ = {
			isa = PBXGroup;
			children = (
				415934D726DB1B44009C9C3A /* ProcessCLOptions.swift */,
				41D81E6B25F8209F00D1F7E1 /* CLOptions.swift */,
				CC21905E2A7BD7F200269525 /* CommandLineArguments.swift */,
				41A44EB126F4C43A00FEE1AC /* HelpText.swift */,
			);
			path = "Command Line";
			sourceTree = "<group>";
		};
/* End PBXGroup section */

/* Begin PBXNativeTarget section */
		4154C2D925F76BDB00A3D373 /* Dialog */ = {
			isa = PBXNativeTarget;
			buildConfigurationList = 4154C30025F76BDC00A3D373 /* Build configuration list for PBXNativeTarget "Dialog" */;
			buildPhases = (
				4154C2D625F76BDB00A3D373 /* Sources */,
				4154C2D725F76BDB00A3D373 /* Frameworks */,
				4154C2D825F76BDB00A3D373 /* Resources */,
				CCFDE75A2A41B8B700009797 /* swiftlint */,
			);
			buildRules = (
			);
			dependencies = (
				418A7B5B275994AD00E4D6F1 /* PBXTargetDependency */,
			);
			name = Dialog;
			packageProductDependencies = (
				418A7B5C275994BB00E4D6F1 /* MarkdownUI */,
				41005AA827CEF81A0065F323 /* SwiftyJSON */,
				41A5A6A328E5468100BD3D5E /* WebViewKit */,
			);
			productName = dialog;
			productReference = 4154C2DA25F76BDB00A3D373 /* Dialog.app */;
			productType = "com.apple.product-type.application";
		};
		4154C2EB25F76BDC00A3D373 /* dialogTests */ = {
			isa = PBXNativeTarget;
			buildConfigurationList = 4154C30325F76BDC00A3D373 /* Build configuration list for PBXNativeTarget "dialogTests" */;
			buildPhases = (
				4154C2E825F76BDC00A3D373 /* Sources */,
				4154C2E925F76BDC00A3D373 /* Frameworks */,
				4154C2EA25F76BDC00A3D373 /* Resources */,
			);
			buildRules = (
			);
			dependencies = (
				4154C2EE25F76BDC00A3D373 /* PBXTargetDependency */,
			);
			name = dialogTests;
			productName = dialogTests;
			productReference = 4154C2EC25F76BDC00A3D373 /* dialogTests.xctest */;
			productType = "com.apple.product-type.bundle.unit-test";
		};
		4154C2F625F76BDC00A3D373 /* dialogUITests */ = {
			isa = PBXNativeTarget;
			buildConfigurationList = 4154C30625F76BDC00A3D373 /* Build configuration list for PBXNativeTarget "dialogUITests" */;
			buildPhases = (
				4154C2F325F76BDC00A3D373 /* Sources */,
				4154C2F425F76BDC00A3D373 /* Frameworks */,
				4154C2F525F76BDC00A3D373 /* Resources */,
			);
			buildRules = (
			);
			dependencies = (
				4154C2F925F76BDC00A3D373 /* PBXTargetDependency */,
			);
			name = dialogUITests;
			productName = dialogUITests;
			productReference = 4154C2F725F76BDC00A3D373 /* dialogUITests.xctest */;
			productType = "com.apple.product-type.bundle.ui-testing";
		};
/* End PBXNativeTarget section */

/* Begin PBXProject section */
		4154C2D225F76BDB00A3D373 /* Project object */ = {
			isa = PBXProject;
			attributes = {
				BuildIndependentTargetsInParallel = YES;
				LastSwiftUpdateCheck = 1250;
				LastUpgradeCheck = 1540;
				TargetAttributes = {
					4154C2D925F76BDB00A3D373 = {
						CreatedOnToolsVersion = 12.4;
					};
					4154C2EB25F76BDC00A3D373 = {
						CreatedOnToolsVersion = 12.4;
						TestTargetID = 4154C2D925F76BDB00A3D373;
					};
					4154C2F625F76BDC00A3D373 = {
						CreatedOnToolsVersion = 12.4;
						TestTargetID = 4154C2D925F76BDB00A3D373;
					};
				};
			};
			buildConfigurationList = 4154C2D525F76BDB00A3D373 /* Build configuration list for PBXProject "dialog" */;
			compatibilityVersion = "Xcode 9.3";
			developmentRegion = en;
			hasScannedForEncodings = 0;
			knownRegions = (
				en,
				Base,
				"en-AU",
				fr,
				de,
				nl,
				"da-DK",
				es,
				fi,
			);
			mainGroup = 4154C2D125F76BDB00A3D373;
			packageReferences = (
				41E4BC9526AEDB130042A0A3 /* XCRemoteSwiftPackageReference "MarkdownUI" */,
				414CBAE9278913BA00A1A980 /* XCRemoteSwiftPackageReference "SwiftyJSON" */,
				41A5A6A228E5468100BD3D5E /* XCRemoteSwiftPackageReference "WebViewKit" */,
			);
			productRefGroup = 4154C2DB25F76BDB00A3D373 /* Products */;
			projectDirPath = "";
			projectRoot = "";
			targets = (
				4154C2D925F76BDB00A3D373 /* Dialog */,
				4154C2EB25F76BDC00A3D373 /* dialogTests */,
				4154C2F625F76BDC00A3D373 /* dialogUITests */,
			);
		};
/* End PBXProject section */

/* Begin PBXResourcesBuildPhase section */
		4154C2D825F76BDB00A3D373 /* Resources */ = {
			isa = PBXResourcesBuildPhase;
			buildActionMask = 2147483647;
			files = (
				4154C2E525F76BDC00A3D373 /* Preview Assets.xcassets in Resources */,
				41832B7228436B430062AA1F /* Localizable.strings in Resources */,
				4154C2E225F76BDC00A3D373 /* Assets.xcassets in Resources */,
			);
			runOnlyForDeploymentPostprocessing = 0;
		};
		4154C2EA25F76BDC00A3D373 /* Resources */ = {
			isa = PBXResourcesBuildPhase;
			buildActionMask = 2147483647;
			files = (
			);
			runOnlyForDeploymentPostprocessing = 0;
		};
		4154C2F525F76BDC00A3D373 /* Resources */ = {
			isa = PBXResourcesBuildPhase;
			buildActionMask = 2147483647;
			files = (
			);
			runOnlyForDeploymentPostprocessing = 0;
		};
/* End PBXResourcesBuildPhase section */

/* Begin PBXShellScriptBuildPhase section */
		CCFDE75A2A41B8B700009797 /* swiftlint */ = {
			isa = PBXShellScriptBuildPhase;
			alwaysOutOfDate = 1;
			buildActionMask = 2147483647;
			files = (
			);
			inputFileListPaths = (
			);
			inputPaths = (
			);
			name = swiftlint;
			outputFileListPaths = (
			);
			outputPaths = (
			);
			runOnlyForDeploymentPostprocessing = 0;
			shellPath = /bin/sh;
			shellScript = "if which swiftlint > /dev/null; then\n  swiftlint\nelse\n  echo \"warning: SwiftLint not installed, download from https://github.com/realm/SwiftLint\"\nfi\n";
		};
/* End PBXShellScriptBuildPhase section */

/* Begin PBXSourcesBuildPhase section */
		4154C2D625F76BDB00A3D373 /* Sources */ = {
			isa = PBXSourcesBuildPhase;
			buildActionMask = 2147483647;
			files = (
				41512CC2286C77F200F22B86 /* ConstructionKitView.swift in Sources */,
				4116922C28939B4500A88700 /* CKBasicsView.swift in Sources */,
				415E1FCB27A2B0A000DE971B /* ListView.swift in Sources */,
				4116922F28939C2A00A88700 /* CKWindowProperties.swift in Sources */,
				CCB35CB42BCFF4460041A701 /* SystemInfo.swift in Sources */,
				417BD4362798FE48009AE34A /* DialogUpdatableContent.swift in Sources */,
				41876684275D88D60023A6A1 /* ImageSlider.swift in Sources */,
				414550AA27C799D000D756E3 /* BackgroundBlur.swift in Sources */,
				418A7B512759949A00E4D6F1 /* VideoView.swift in Sources */,
				418A7B522759949A00E4D6F1 /* WatermarkView.swift in Sources */,
				418A7B532759949A00E4D6F1 /* TextEntryView.swift in Sources */,
				CCB334702B2320F20079FB83 /* SolidColourView.swift in Sources */,
				CC21905F2A7BD7F200269525 /* CommandLineArguments.swift in Sources */,
				CCE934AD2ACC29F60094BD06 /* TextFileView.swift in Sources */,
				418A7B542759949A00E4D6F1 /* TimerView.swift in Sources */,
				4116923B2893A22300A88700 /* CKListView.swift in Sources */,
				CCD8ACEC2A011C9500D98695 /* RadioView.swift in Sources */,
				418A7B552759949B00E4D6F1 /* ImageView.swift in Sources */,
				418A7B562759949B00E4D6F1 /* jamfHelper.swift in Sources */,
				CC7D44082B9C6FB5004B9E65 /* ImageFader.swift in Sources */,
				418A7B572759949B00E4D6F1 /* ProcessCLOptions.swift in Sources */,
				411692382893A21500A88700 /* CKImageView.swift in Sources */,
				CC2190522A7BCC3A00269525 /* Images.swift in Sources */,
				418A7B582759949B00E4D6F1 /* NSWindow+Additions.swift in Sources */,
				418A7B592759949B00E4D6F1 /* HelpText.swift in Sources */,
				4116923528939E4D00A88700 /* CKButtonView.swift in Sources */,
				417BD471279CB658009AE34A /* CheckboxView.swift in Sources */,
				4116923228939DEB00A88700 /* CKSidebarView.swift in Sources */,
				4116923E2893A24300A88700 /* CKDataEntryView.swift in Sources */,
				41A679D32962494B000BFFCE /* InfoBoxView.swift in Sources */,
				CC21904E2A7BC3E000269525 /* Strings.swift in Sources */,
				4153784E2604B71800AA0E76 /* TitleView.swift in Sources */,
				CC2190552A7BCD5600269525 /* Colour+Additions.swift in Sources */,
				41832B6E2843143C0062AA1F /* ErrorView.swift in Sources */,
				41A5A6A628E546A000BD3D5E /* WebContentView.swift in Sources */,
				41A5A6A928E66D0C00BD3D5E /* CKMediaView.swift in Sources */,
				4153785E2604B81300AA0E76 /* IconView.swift in Sources */,
				417BF0BB260F1726009AD252 /* BannerImageView.swift in Sources */,
				4153786C2604BF1A00AA0E76 /* MessageContentView.swift in Sources */,
				416DED42261C5FE00049B6B5 /* FullscreenView.swift in Sources */,
				CC9F8FEF2A5EC76400802A88 /* ImageProcessing.swift in Sources */,
				418AE4232667A17A001E3423 /* DropdownView.swift in Sources */,
				CC2190572A7BCDA800269525 /* String+Additions.swift in Sources */,
				417BD43827992EDB009AE34A /* TaskProgressView.swift in Sources */,
				41D81E5725F7929800D1F7E1 /* DialogView.swift in Sources */,
				CCF4305A2C07562D004DFB4D /* DebugOverlay.swift in Sources */,
				4154C2E025F76BDB00A3D373 /* ContentView.swift in Sources */,
				CC7D43CF2B972976004B9E65 /* PresentationView.swift in Sources */,
				41D81E5C25F817BF00D1F7E1 /* ButtonView.swift in Sources */,
				CC21904B2A7B994A00269525 /* Preferences.swift in Sources */,
				41110A2825F9E79E008171D2 /* License.swift in Sources */,
				411FC34628E2DDFD003EA2C2 /* Notifications.swift in Sources */,
				4154C2DE25F76BDB00A3D373 /* dialogApp.swift in Sources */,
				CC2190592A7BCDDD00269525 /* View+Additions.swift in Sources */,
				41D81E6C25F8209F00D1F7E1 /* CLOptions.swift in Sources */,
				CC8D96302A01CCAB00CC84C6 /* Theme+sdMarkdown.swift in Sources */,
				41D81E7125F845D200D1F7E1 /* AppState.swift in Sources */,
				412B26AF289CE02100493EFF /* MiniView.swift in Sources */,
				CC21905D2A7BD7D300269525 /* AppVariables.swift in Sources */,
				4124EFD229455861003B00F4 /* HelpView.swift in Sources */,
				CC2190502A7BC9FE00269525 /* Log.swift in Sources */,
				94072E492AFE931300B2A5C3 /* Font+Additions.swift in Sources */,
				41D81E7925F870A500D1F7E1 /* System.swift in Sources */,
			);
			runOnlyForDeploymentPostprocessing = 0;
		};
		4154C2E825F76BDC00A3D373 /* Sources */ = {
			isa = PBXSourcesBuildPhase;
			buildActionMask = 2147483647;
			files = (
				4154C2F125F76BDC00A3D373 /* dialogTests.swift in Sources */,
			);
			runOnlyForDeploymentPostprocessing = 0;
		};
		4154C2F325F76BDC00A3D373 /* Sources */ = {
			isa = PBXSourcesBuildPhase;
			buildActionMask = 2147483647;
			files = (
				4154C2FC25F76BDC00A3D373 /* dialogUITests.swift in Sources */,
			);
			runOnlyForDeploymentPostprocessing = 0;
		};
/* End PBXSourcesBuildPhase section */

/* Begin PBXTargetDependency section */
		4154C2EE25F76BDC00A3D373 /* PBXTargetDependency */ = {
			isa = PBXTargetDependency;
			target = 4154C2D925F76BDB00A3D373 /* Dialog */;
			targetProxy = 4154C2ED25F76BDC00A3D373 /* PBXContainerItemProxy */;
		};
		4154C2F925F76BDC00A3D373 /* PBXTargetDependency */ = {
			isa = PBXTargetDependency;
			target = 4154C2D925F76BDB00A3D373 /* Dialog */;
			targetProxy = 4154C2F825F76BDC00A3D373 /* PBXContainerItemProxy */;
		};
		418A7B5B275994AD00E4D6F1 /* PBXTargetDependency */ = {
			isa = PBXTargetDependency;
			productRef = 418A7B5A275994AD00E4D6F1 /* MarkdownUI */;
		};
/* End PBXTargetDependency section */

/* Begin PBXVariantGroup section */
		41832B7428436B430062AA1F /* Localizable.strings */ = {
			isa = PBXVariantGroup;
			children = (
				41832B7328436B430062AA1F /* en */,
				41832B7528436B750062AA1F /* en-AU */,
				41832B7628436BB40062AA1F /* fr */,
				41832B782843968F0062AA1F /* de */,
				41832B792843A3340062AA1F /* nl */,
				41832B7A284436E50062AA1F /* da-DK */,
				41A679D5296275BB000BFFCE /* es */,
				41A679D6296275CB000BFFCE /* fi */,
			);
			name = Localizable.strings;
			sourceTree = "<group>";
		};
/* End PBXVariantGroup section */

/* Begin XCBuildConfiguration section */
		4154C2FE25F76BDC00A3D373 /* Debug */ = {
			isa = XCBuildConfiguration;
			buildSettings = {
				ALWAYS_SEARCH_USER_PATHS = NO;
				CLANG_ANALYZER_LOCALIZABILITY_NONLOCALIZED = YES;
				CLANG_ANALYZER_NONNULL = YES;
				CLANG_ANALYZER_NUMBER_OBJECT_CONVERSION = YES_AGGRESSIVE;
				CLANG_CXX_LANGUAGE_STANDARD = "gnu++14";
				CLANG_CXX_LIBRARY = "libc++";
				CLANG_ENABLE_MODULES = YES;
				CLANG_ENABLE_OBJC_ARC = YES;
				CLANG_ENABLE_OBJC_WEAK = YES;
				CLANG_WARN_BLOCK_CAPTURE_AUTORELEASING = YES;
				CLANG_WARN_BOOL_CONVERSION = YES;
				CLANG_WARN_COMMA = YES;
				CLANG_WARN_CONSTANT_CONVERSION = YES;
				CLANG_WARN_DEPRECATED_OBJC_IMPLEMENTATIONS = YES;
				CLANG_WARN_DIRECT_OBJC_ISA_USAGE = YES_ERROR;
				CLANG_WARN_DOCUMENTATION_COMMENTS = YES;
				CLANG_WARN_EMPTY_BODY = YES;
				CLANG_WARN_ENUM_CONVERSION = YES;
				CLANG_WARN_INFINITE_RECURSION = YES;
				CLANG_WARN_INT_CONVERSION = YES;
				CLANG_WARN_NON_LITERAL_NULL_CONVERSION = YES;
				CLANG_WARN_OBJC_IMPLICIT_RETAIN_SELF = YES;
				CLANG_WARN_OBJC_LITERAL_CONVERSION = YES;
				CLANG_WARN_OBJC_ROOT_CLASS = YES_ERROR;
				CLANG_WARN_QUOTED_INCLUDE_IN_FRAMEWORK_HEADER = YES;
				CLANG_WARN_RANGE_LOOP_ANALYSIS = YES;
				CLANG_WARN_STRICT_PROTOTYPES = YES;
				CLANG_WARN_SUSPICIOUS_MOVE = YES;
				CLANG_WARN_UNGUARDED_AVAILABILITY = YES_AGGRESSIVE;
				CLANG_WARN_UNREACHABLE_CODE = YES;
				CLANG_WARN__DUPLICATE_METHOD_MATCH = YES;
				COPY_PHASE_STRIP = NO;
				DEAD_CODE_STRIPPING = YES;
				DEBUG_INFORMATION_FORMAT = dwarf;
				ENABLE_STRICT_OBJC_MSGSEND = YES;
				ENABLE_TESTABILITY = YES;
				ENABLE_USER_SCRIPT_SANDBOXING = NO;
				GCC_C_LANGUAGE_STANDARD = gnu11;
				GCC_DYNAMIC_NO_PIC = NO;
				GCC_NO_COMMON_BLOCKS = YES;
				GCC_OPTIMIZATION_LEVEL = 0;
				GCC_PREPROCESSOR_DEFINITIONS = (
					"DEBUG=1",
					"$(inherited)",
				);
				GCC_WARN_64_TO_32_BIT_CONVERSION = YES;
				GCC_WARN_ABOUT_RETURN_TYPE = YES_ERROR;
				GCC_WARN_UNDECLARED_SELECTOR = YES;
				GCC_WARN_UNINITIALIZED_AUTOS = YES_AGGRESSIVE;
				GCC_WARN_UNUSED_FUNCTION = YES;
				GCC_WARN_UNUSED_VARIABLE = YES;
				MACOSX_DEPLOYMENT_TARGET = 14.0;
				MTL_ENABLE_DEBUG_INFO = INCLUDE_SOURCE;
				MTL_FAST_MATH = YES;
				ONLY_ACTIVE_ARCH = YES;
				SDKROOT = macosx;
				SWIFT_ACTIVE_COMPILATION_CONDITIONS = DEBUG;
				SWIFT_OPTIMIZATION_LEVEL = "-Onone";
			};
			name = Debug;
		};
		4154C2FF25F76BDC00A3D373 /* Release */ = {
			isa = XCBuildConfiguration;
			buildSettings = {
				ALWAYS_SEARCH_USER_PATHS = NO;
				CLANG_ANALYZER_LOCALIZABILITY_NONLOCALIZED = YES;
				CLANG_ANALYZER_NONNULL = YES;
				CLANG_ANALYZER_NUMBER_OBJECT_CONVERSION = YES_AGGRESSIVE;
				CLANG_CXX_LANGUAGE_STANDARD = "gnu++14";
				CLANG_CXX_LIBRARY = "libc++";
				CLANG_ENABLE_MODULES = YES;
				CLANG_ENABLE_OBJC_ARC = YES;
				CLANG_ENABLE_OBJC_WEAK = YES;
				CLANG_WARN_BLOCK_CAPTURE_AUTORELEASING = YES;
				CLANG_WARN_BOOL_CONVERSION = YES;
				CLANG_WARN_COMMA = YES;
				CLANG_WARN_CONSTANT_CONVERSION = YES;
				CLANG_WARN_DEPRECATED_OBJC_IMPLEMENTATIONS = YES;
				CLANG_WARN_DIRECT_OBJC_ISA_USAGE = YES_ERROR;
				CLANG_WARN_DOCUMENTATION_COMMENTS = YES;
				CLANG_WARN_EMPTY_BODY = YES;
				CLANG_WARN_ENUM_CONVERSION = YES;
				CLANG_WARN_INFINITE_RECURSION = YES;
				CLANG_WARN_INT_CONVERSION = YES;
				CLANG_WARN_NON_LITERAL_NULL_CONVERSION = YES;
				CLANG_WARN_OBJC_IMPLICIT_RETAIN_SELF = YES;
				CLANG_WARN_OBJC_LITERAL_CONVERSION = YES;
				CLANG_WARN_OBJC_ROOT_CLASS = YES_ERROR;
				CLANG_WARN_QUOTED_INCLUDE_IN_FRAMEWORK_HEADER = YES;
				CLANG_WARN_RANGE_LOOP_ANALYSIS = YES;
				CLANG_WARN_STRICT_PROTOTYPES = YES;
				CLANG_WARN_SUSPICIOUS_MOVE = YES;
				CLANG_WARN_UNGUARDED_AVAILABILITY = YES_AGGRESSIVE;
				CLANG_WARN_UNREACHABLE_CODE = YES;
				CLANG_WARN__DUPLICATE_METHOD_MATCH = YES;
				COPY_PHASE_STRIP = NO;
				DEAD_CODE_STRIPPING = YES;
				DEBUG_INFORMATION_FORMAT = "dwarf-with-dsym";
				ENABLE_NS_ASSERTIONS = NO;
				ENABLE_STRICT_OBJC_MSGSEND = YES;
				ENABLE_USER_SCRIPT_SANDBOXING = NO;
				GCC_C_LANGUAGE_STANDARD = gnu11;
				GCC_NO_COMMON_BLOCKS = YES;
				GCC_WARN_64_TO_32_BIT_CONVERSION = YES;
				GCC_WARN_ABOUT_RETURN_TYPE = YES_ERROR;
				GCC_WARN_UNDECLARED_SELECTOR = YES;
				GCC_WARN_UNINITIALIZED_AUTOS = YES_AGGRESSIVE;
				GCC_WARN_UNUSED_FUNCTION = YES;
				GCC_WARN_UNUSED_VARIABLE = YES;
				MACOSX_DEPLOYMENT_TARGET = 14.0;
				MTL_ENABLE_DEBUG_INFO = NO;
				MTL_FAST_MATH = YES;
				SDKROOT = macosx;
				SWIFT_COMPILATION_MODE = wholemodule;
				SWIFT_OPTIMIZATION_LEVEL = "-O";
			};
			name = Release;
		};
		4154C30125F76BDC00A3D373 /* Debug */ = {
			isa = XCBuildConfiguration;
			buildSettings = {
				ASSETCATALOG_COMPILER_APPICON_NAME = AppIcon;
				ASSETCATALOG_COMPILER_GLOBAL_ACCENT_COLOR_NAME = AccentColor;
				CODE_SIGN_ENTITLEMENTS = dialog/dialog.entitlements;
				CODE_SIGN_IDENTITY = "Apple Development";
				CODE_SIGN_STYLE = Automatic;
				COMBINE_HIDPI_IMAGES = YES;
				CURRENT_PROJECT_VERSION = 1;
				DEAD_CODE_STRIPPING = YES;
				DEVELOPMENT_ASSET_PATHS = "\"dialog/Preview Content\"";
				DEVELOPMENT_TEAM = PWA5E9TQ59;
				ENABLE_HARDENED_RUNTIME = YES;
				ENABLE_PREVIEWS = YES;
				INFOPLIST_FILE = dialog/Info.plist;
				LD_RUNPATH_SEARCH_PATHS = (
					"$(inherited)",
					"@executable_path/../Frameworks",
				);
				MACOSX_DEPLOYMENT_TARGET = 14.0;
				MARKETING_VERSION = 3.0.0;
				PRODUCT_BUNDLE_IDENTIFIER = au.csiro.dialog;
				PRODUCT_NAME = "$(TARGET_NAME)";
				PROVISIONING_PROFILE_SPECIFIER = "";
				SWIFT_VERSION = 5.0;
			};
			name = Debug;
		};
		4154C30225F76BDC00A3D373 /* Release */ = {
			isa = XCBuildConfiguration;
			buildSettings = {
				ASSETCATALOG_COMPILER_APPICON_NAME = AppIcon;
				ASSETCATALOG_COMPILER_GLOBAL_ACCENT_COLOR_NAME = AccentColor;
				CODE_SIGN_ENTITLEMENTS = dialog/dialog.entitlements;
				CODE_SIGN_IDENTITY = "Apple Development";
				CODE_SIGN_STYLE = Automatic;
				COMBINE_HIDPI_IMAGES = YES;
				CURRENT_PROJECT_VERSION = 1;
				DEAD_CODE_STRIPPING = YES;
				DEVELOPMENT_ASSET_PATHS = "\"dialog/Preview Content\"";
				DEVELOPMENT_TEAM = PWA5E9TQ59;
				ENABLE_HARDENED_RUNTIME = YES;
				ENABLE_PREVIEWS = YES;
				INFOPLIST_FILE = dialog/Info.plist;
				LD_RUNPATH_SEARCH_PATHS = (
					"$(inherited)",
					"@executable_path/../Frameworks",
				);
				MACOSX_DEPLOYMENT_TARGET = 14.0;
				MARKETING_VERSION = 3.0.0;
				PRODUCT_BUNDLE_IDENTIFIER = au.csiro.dialog;
				PRODUCT_NAME = "$(TARGET_NAME)";
				PROVISIONING_PROFILE_SPECIFIER = "";
				SWIFT_VERSION = 5.0;
			};
			name = Release;
		};
		4154C30425F76BDC00A3D373 /* Debug */ = {
			isa = XCBuildConfiguration;
			buildSettings = {
				ALWAYS_EMBED_SWIFT_STANDARD_LIBRARIES = YES;
				BUNDLE_LOADER = "$(TEST_HOST)";
				CODE_SIGN_STYLE = Automatic;
				COMBINE_HIDPI_IMAGES = YES;
				DEAD_CODE_STRIPPING = YES;
				INFOPLIST_FILE = dialogTests/Info.plist;
				LD_RUNPATH_SEARCH_PATHS = (
					"$(inherited)",
					"@executable_path/../Frameworks",
					"@loader_path/../Frameworks",
				);
				MACOSX_DEPLOYMENT_TARGET = 12.0;
				PRODUCT_BUNDLE_IDENTIFIER = au.bartreardon.dialogTests;
				PRODUCT_NAME = "$(TARGET_NAME)";
				SWIFT_VERSION = 5.0;
				TEST_HOST = "$(BUILT_PRODUCTS_DIR)/dialog.app/Contents/MacOS/dialog";
			};
			name = Debug;
		};
		4154C30525F76BDC00A3D373 /* Release */ = {
			isa = XCBuildConfiguration;
			buildSettings = {
				ALWAYS_EMBED_SWIFT_STANDARD_LIBRARIES = YES;
				BUNDLE_LOADER = "$(TEST_HOST)";
				CODE_SIGN_STYLE = Automatic;
				COMBINE_HIDPI_IMAGES = YES;
				DEAD_CODE_STRIPPING = YES;
				INFOPLIST_FILE = dialogTests/Info.plist;
				LD_RUNPATH_SEARCH_PATHS = (
					"$(inherited)",
					"@executable_path/../Frameworks",
					"@loader_path/../Frameworks",
				);
				MACOSX_DEPLOYMENT_TARGET = 12.0;
				PRODUCT_BUNDLE_IDENTIFIER = au.bartreardon.dialogTests;
				PRODUCT_NAME = "$(TARGET_NAME)";
				SWIFT_VERSION = 5.0;
				TEST_HOST = "$(BUILT_PRODUCTS_DIR)/dialog.app/Contents/MacOS/dialog";
			};
			name = Release;
		};
		4154C30725F76BDC00A3D373 /* Debug */ = {
			isa = XCBuildConfiguration;
			buildSettings = {
				ALWAYS_EMBED_SWIFT_STANDARD_LIBRARIES = YES;
				CODE_SIGN_STYLE = Automatic;
				COMBINE_HIDPI_IMAGES = YES;
				DEAD_CODE_STRIPPING = YES;
				INFOPLIST_FILE = dialogUITests/Info.plist;
				LD_RUNPATH_SEARCH_PATHS = (
					"$(inherited)",
					"@executable_path/../Frameworks",
					"@loader_path/../Frameworks",
				);
				MACOSX_DEPLOYMENT_TARGET = 12.0;
				PRODUCT_BUNDLE_IDENTIFIER = au.bartreardon.dialogUITests;
				PRODUCT_NAME = "$(TARGET_NAME)";
				SWIFT_VERSION = 5.0;
				TEST_TARGET_NAME = dialog;
			};
			name = Debug;
		};
		4154C30825F76BDC00A3D373 /* Release */ = {
			isa = XCBuildConfiguration;
			buildSettings = {
				ALWAYS_EMBED_SWIFT_STANDARD_LIBRARIES = YES;
				CODE_SIGN_STYLE = Automatic;
				COMBINE_HIDPI_IMAGES = YES;
				DEAD_CODE_STRIPPING = YES;
				INFOPLIST_FILE = dialogUITests/Info.plist;
				LD_RUNPATH_SEARCH_PATHS = (
					"$(inherited)",
					"@executable_path/../Frameworks",
					"@loader_path/../Frameworks",
				);
				MACOSX_DEPLOYMENT_TARGET = 12.0;
				PRODUCT_BUNDLE_IDENTIFIER = au.bartreardon.dialogUITests;
				PRODUCT_NAME = "$(TARGET_NAME)";
				SWIFT_VERSION = 5.0;
				TEST_TARGET_NAME = dialog;
			};
			name = Release;
		};
/* End XCBuildConfiguration section */

/* Begin XCConfigurationList section */
		4154C2D525F76BDB00A3D373 /* Build configuration list for PBXProject "dialog" */ = {
			isa = XCConfigurationList;
			buildConfigurations = (
				4154C2FE25F76BDC00A3D373 /* Debug */,
				4154C2FF25F76BDC00A3D373 /* Release */,
			);
			defaultConfigurationIsVisible = 0;
			defaultConfigurationName = Release;
		};
		4154C30025F76BDC00A3D373 /* Build configuration list for PBXNativeTarget "Dialog" */ = {
			isa = XCConfigurationList;
			buildConfigurations = (
				4154C30125F76BDC00A3D373 /* Debug */,
				4154C30225F76BDC00A3D373 /* Release */,
			);
			defaultConfigurationIsVisible = 0;
			defaultConfigurationName = Release;
		};
		4154C30325F76BDC00A3D373 /* Build configuration list for PBXNativeTarget "dialogTests" */ = {
			isa = XCConfigurationList;
			buildConfigurations = (
				4154C30425F76BDC00A3D373 /* Debug */,
				4154C30525F76BDC00A3D373 /* Release */,
			);
			defaultConfigurationIsVisible = 0;
			defaultConfigurationName = Release;
		};
		4154C30625F76BDC00A3D373 /* Build configuration list for PBXNativeTarget "dialogUITests" */ = {
			isa = XCConfigurationList;
			buildConfigurations = (
				4154C30725F76BDC00A3D373 /* Debug */,
				4154C30825F76BDC00A3D373 /* Release */,
			);
			defaultConfigurationIsVisible = 0;
			defaultConfigurationName = Release;
		};
/* End XCConfigurationList section */

/* Begin XCRemoteSwiftPackageReference section */
		414CBAE9278913BA00A1A980 /* XCRemoteSwiftPackageReference "SwiftyJSON" */ = {
			isa = XCRemoteSwiftPackageReference;
			repositoryURL = "https://github.com/SwiftyJSON/SwiftyJSON.git";
			requirement = {
				kind = upToNextMajorVersion;
				minimumVersion = 5.0.0;
			};
		};
		41A5A6A228E5468100BD3D5E /* XCRemoteSwiftPackageReference "WebViewKit" */ = {
			isa = XCRemoteSwiftPackageReference;
			repositoryURL = "https://github.com/danielsaidi/WebViewKit.git";
			requirement = {
				branch = main;
				kind = branch;
			};
		};
		41E4BC9526AEDB130042A0A3 /* XCRemoteSwiftPackageReference "MarkdownUI" */ = {
			isa = XCRemoteSwiftPackageReference;
			repositoryURL = "https://github.com/gonzalezreal/MarkdownUI";
			requirement = {
				kind = upToNextMajorVersion;
				minimumVersion = 2.0.0;
			};
		};
/* End XCRemoteSwiftPackageReference section */

/* Begin XCSwiftPackageProductDependency section */
		41005AA827CEF81A0065F323 /* SwiftyJSON */ = {
			isa = XCSwiftPackageProductDependency;
			package = 414CBAE9278913BA00A1A980 /* XCRemoteSwiftPackageReference "SwiftyJSON" */;
			productName = SwiftyJSON;
		};
		418A7B5A275994AD00E4D6F1 /* MarkdownUI */ = {
			isa = XCSwiftPackageProductDependency;
			package = 41E4BC9526AEDB130042A0A3 /* XCRemoteSwiftPackageReference "MarkdownUI" */;
			productName = MarkdownUI;
		};
		418A7B5C275994BB00E4D6F1 /* MarkdownUI */ = {
			isa = XCSwiftPackageProductDependency;
			package = 41E4BC9526AEDB130042A0A3 /* XCRemoteSwiftPackageReference "MarkdownUI" */;
			productName = MarkdownUI;
		};
		41A5A6A328E5468100BD3D5E /* WebViewKit */ = {
			isa = XCSwiftPackageProductDependency;
			package = 41A5A6A228E5468100BD3D5E /* XCRemoteSwiftPackageReference "WebViewKit" */;
			productName = WebViewKit;
		};
/* End XCSwiftPackageProductDependency section */
	};
	rootObject = 4154C2D225F76BDB00A3D373 /* Project object */;
}
